// !$*UTF8*$!
{
	archiveVersion = 1;
	classes = {
	};
	objectVersion = 46;
	objects = {

/* Begin PBXBuildFile section */
		FD1F2C4C1F048DA600063765 /* QMUIConfigurationTemplate.m in Sources */ = {isa = PBXBuildFile; fileRef = FD1F2C4B1F048DA600063765 /* QMUIConfigurationTemplate.m */; };
		FD1F2C531F0490DF00063765 /* QDCommonUI.m in Sources */ = {isa = PBXBuildFile; fileRef = FD1F2C4E1F0490DF00063765 /* QDCommonUI.m */; };
		FD1F2C541F0490DF00063765 /* QDUIHelper.m in Sources */ = {isa = PBXBuildFile; fileRef = FD1F2C501F0490DF00063765 /* QDUIHelper.m */; };
		FD1F2C551F0490DF00063765 /* UIImageEffects.m in Sources */ = {isa = PBXBuildFile; fileRef = FD1F2C521F0490DF00063765 /* UIImageEffects.m */; };
		FD1F2C651F0490EC00063765 /* QDCommonGridViewController.m in Sources */ = {isa = PBXBuildFile; fileRef = FD1F2C581F0490EC00063765 /* QDCommonGridViewController.m */; };
		FD1F2C661F0490EC00063765 /* QDCommonGroupListViewController.m in Sources */ = {isa = PBXBuildFile; fileRef = FD1F2C5A1F0490EC00063765 /* QDCommonGroupListViewController.m */; };
		FD1F2C671F0490EC00063765 /* QDCommonListViewController.m in Sources */ = {isa = PBXBuildFile; fileRef = FD1F2C5C1F0490EC00063765 /* QDCommonListViewController.m */; };
		FD1F2C681F0490EC00063765 /* QDCommonTableViewController.m in Sources */ = {isa = PBXBuildFile; fileRef = FD1F2C5E1F0490EC00063765 /* QDCommonTableViewController.m */; };
		FD1F2C691F0490EC00063765 /* QDCommonViewController.m in Sources */ = {isa = PBXBuildFile; fileRef = FD1F2C601F0490EC00063765 /* QDCommonViewController.m */; };
		FD1F2C6A1F0490EC00063765 /* QDNavigationController.m in Sources */ = {isa = PBXBuildFile; fileRef = FD1F2C621F0490EC00063765 /* QDNavigationController.m */; };
		FD1F2C6B1F0490EC00063765 /* QDTabBarViewController.m in Sources */ = {isa = PBXBuildFile; fileRef = FD1F2C641F0490EC00063765 /* QDTabBarViewController.m */; };
		FD1F2C6E1F04B91700063765 /* LaunchScreen.xib in Resources */ = {isa = PBXBuildFile; fileRef = FD1F2C6D1F04B91700063765 /* LaunchScreen.xib */; };
		FD20D7B81F12731000DDDA86 /* libPods-FBLeague.a in Frameworks */ = {isa = PBXBuildFile; fileRef = 0D654840A8FAB860BDF22C51 /* libPods-FBLeague.a */; };
		FD265A9E1F29E0BF00F92316 /* UIResponder+FirstResponder.m in Sources */ = {isa = PBXBuildFile; fileRef = FD265A9B1F29E0BF00F92316 /* UIResponder+FirstResponder.m */; };
		FD265A9F1F29E0BF00F92316 /* WPAutoSpringTextViewController.m in Sources */ = {isa = PBXBuildFile; fileRef = FD265A9D1F29E0BF00F92316 /* WPAutoSpringTextViewController.m */; };
		FD265AA31F29E16900F92316 /* MyJiaoLianDataViewController.m in Sources */ = {isa = PBXBuildFile; fileRef = FD265AA21F29E16900F92316 /* MyJiaoLianDataViewController.m */; };
		FD265AA61F29E20600F92316 /* LianSaiViewController.m in Sources */ = {isa = PBXBuildFile; fileRef = FD265AA51F29E20600F92316 /* LianSaiViewController.m */; };
		FD265AA71F29E87200F92316 /* CommonFunc.h in Sources */ = {isa = PBXBuildFile; fileRef = FDAA37D41DD2BDA40038658F /* CommonFunc.h */; };
		FD352FC41F1FA38000EA2A60 /* JiaoLianViewController.m in Sources */ = {isa = PBXBuildFile; fileRef = FD352FC31F1FA38000EA2A60 /* JiaoLianViewController.m */; };
		FD352FC81F1FA3DB00EA2A60 /* CoachChooseTableViewCell.m in Sources */ = {isa = PBXBuildFile; fileRef = FD352FC71F1FA3DB00EA2A60 /* CoachChooseTableViewCell.m */; };
		FD352FCE1F1FA43F00EA2A60 /* BaseTableViewController.m in Sources */ = {isa = PBXBuildFile; fileRef = FD352FCD1F1FA43F00EA2A60 /* BaseTableViewController.m */; };
		FD352FD11F1FA4AA00EA2A60 /* CoachVo.m in Sources */ = {isa = PBXBuildFile; fileRef = FD352FD01F1FA4AA00EA2A60 /* CoachVo.m */; };
		FD71DD741F21D5E0006242B4 /* ReadDetailContentViewController.m in Sources */ = {isa = PBXBuildFile; fileRef = FD71DD731F21D5E0006242B4 /* ReadDetailContentViewController.m */; };
		FD75D22E1F23518800306F77 /* NullSafe.m in Sources */ = {isa = PBXBuildFile; fileRef = FD75D22D1F23518800306F77 /* NullSafe.m */; };
		FD75D2321F25835200306F77 /* MemberViewController.m in Sources */ = {isa = PBXBuildFile; fileRef = FD75D2311F25835200306F77 /* MemberViewController.m */; };
		FD75D2351F25837C00306F77 /* SaiChengViewController.m in Sources */ = {isa = PBXBuildFile; fileRef = FD75D2341F25837C00306F77 /* SaiChengViewController.m */; };
		FD75D2391F2583C200306F77 /* ClassesViewController.m in Sources */ = {isa = PBXBuildFile; fileRef = FD75D2381F2583C200306F77 /* ClassesViewController.m */; };
		FD75D23C1F2583E400306F77 /* MemeberDataViewController.m in Sources */ = {isa = PBXBuildFile; fileRef = FD75D23B1F2583E400306F77 /* MemeberDataViewController.m */; };
		FD75D2401F26486200306F77 /* DongtaiVo.m in Sources */ = {isa = PBXBuildFile; fileRef = FD75D23F1F26486200306F77 /* DongtaiVo.m */; };
		FD75D2431F26491C00306F77 /* CommentVo.m in Sources */ = {isa = PBXBuildFile; fileRef = FD75D2421F26491C00306F77 /* CommentVo.m */; };
		FD76CB3E1F0B87AE0047C0FE /* RegisterViewController.m in Sources */ = {isa = PBXBuildFile; fileRef = FD76CB391F0B87AE0047C0FE /* RegisterViewController.m */; };
		FD979CC91F09473700F5BFBB /* LoginViewController.m in Sources */ = {isa = PBXBuildFile; fileRef = FD979CC81F09473700F5BFBB /* LoginViewController.m */; };
		FDA1166C1F01FC67007F253C /* GTMBase64.m in Sources */ = {isa = PBXBuildFile; fileRef = FDA116691F01FC67007F253C /* GTMBase64.m */; settings = {COMPILER_FLAGS = "-fno-objc-arc"; }; };
		FDA1166D1F01FC67007F253C /* README.md in Sources */ = {isa = PBXBuildFile; fileRef = FDA1166B1F01FC67007F253C /* README.md */; };
		FDA572AA1F035A780072DF95 /* LICENSE in Resources */ = {isa = PBXBuildFile; fileRef = FDA572A61F035A780072DF95 /* LICENSE */; };
		FDA572AB1F035A780072DF95 /* MBProgressHUD+Add.m in Sources */ = {isa = PBXBuildFile; fileRef = FDA572A81F035A780072DF95 /* MBProgressHUD+Add.m */; };
		FDA8EE591F07F21B00F3A01A /* FirstLoginViewController.m in Sources */ = {isa = PBXBuildFile; fileRef = FDA8EE581F07F21B00F3A01A /* FirstLoginViewController.m */; };
		FDA8EE5D1F07F3B800F3A01A /* UserDataVo.m in Sources */ = {isa = PBXBuildFile; fileRef = FDA8EE5C1F07F3B800F3A01A /* UserDataVo.m */; };
		FDAA37981DD2BCF80038658F /* main.m in Sources */ = {isa = PBXBuildFile; fileRef = FDAA37971DD2BCF80038658F /* main.m */; };
		FDAA379B1DD2BCF80038658F /* AppDelegate.m in Sources */ = {isa = PBXBuildFile; fileRef = FDAA379A1DD2BCF80038658F /* AppDelegate.m */; };
		FDAA37A11DD2BCF80038658F /* Main.storyboard in Resources */ = {isa = PBXBuildFile; fileRef = FDAA379F1DD2BCF80038658F /* Main.storyboard */; };
		FDAA37A31DD2BCF80038658F /* Assets.xcassets in Resources */ = {isa = PBXBuildFile; fileRef = FDAA37A21DD2BCF80038658F /* Assets.xcassets */; };
		FDAA37B11DD2BCF90038658F /* FBLeagueTests.m in Sources */ = {isa = PBXBuildFile; fileRef = FDAA37B01DD2BCF90038658F /* FBLeagueTests.m */; };
		FDAA37BC1DD2BCF90038658F /* FBLeagueUITests.m in Sources */ = {isa = PBXBuildFile; fileRef = FDAA37BB1DD2BCF90038658F /* FBLeagueUITests.m */; };
		FDAA37CD1DD2BD690038658F /* BaseViewController.m in Sources */ = {isa = PBXBuildFile; fileRef = FDAA37CA1DD2BD690038658F /* BaseViewController.m */; };
		FDAA38161DD2BDA40038658F /* ObjcRuntime.m in Sources */ = {isa = PBXBuildFile; fileRef = FDAA37D21DD2BDA40038658F /* ObjcRuntime.m */; };
		FDAA38171DD2BDA40038658F /* CommonFunc.m in Sources */ = {isa = PBXBuildFile; fileRef = FDAA37D51DD2BDA40038658F /* CommonFunc.m */; };
		FDAA38181DD2BDA40038658F /* MWLocalDataTool.m in Sources */ = {isa = PBXBuildFile; fileRef = FDAA37D71DD2BDA40038658F /* MWLocalDataTool.m */; };
		FDAA38191DD2BDA40038658F /* NSObject+Common.m in Sources */ = {isa = PBXBuildFile; fileRef = FDAA37D91DD2BDA40038658F /* NSObject+Common.m */; };
		FDAA381A1DD2BDA40038658F /* NSString+Common.m in Sources */ = {isa = PBXBuildFile; fileRef = FDAA37DB1DD2BDA40038658F /* NSString+Common.m */; };
		FDAA381B1DD2BDA40038658F /* UIBarButtonItem+Tinted.m in Sources */ = {isa = PBXBuildFile; fileRef = FDAA37DD1DD2BDA40038658F /* UIBarButtonItem+Tinted.m */; };
		FDAA381C1DD2BDA40038658F /* UIButton+Block.m in Sources */ = {isa = PBXBuildFile; fileRef = FDAA37DF1DD2BDA40038658F /* UIButton+Block.m */; };
		FDAA381D1DD2BDA40038658F /* UIColor+Expanded.m in Sources */ = {isa = PBXBuildFile; fileRef = FDAA37E11DD2BDA40038658F /* UIColor+Expanded.m */; };
		FDAA381E1DD2BDA40038658F /* UIImage+Common.m in Sources */ = {isa = PBXBuildFile; fileRef = FDAA37E31DD2BDA40038658F /* UIImage+Common.m */; };
		FDAA381F1DD2BDA40038658F /* UIImage+SCImage.m in Sources */ = {isa = PBXBuildFile; fileRef = FDAA37E51DD2BDA40038658F /* UIImage+SCImage.m */; };
		FDAA38201DD2BDA40038658F /* UILabel+Common.m in Sources */ = {isa = PBXBuildFile; fileRef = FDAA37E71DD2BDA40038658F /* UILabel+Common.m */; };
		FDAA38211DD2BDA40038658F /* UIView+Addition.m in Sources */ = {isa = PBXBuildFile; fileRef = FDAA37E91DD2BDA40038658F /* UIView+Addition.m */; };
		FDAA38221DD2BDA40038658F /* UIView+Common.m in Sources */ = {isa = PBXBuildFile; fileRef = FDAA37EB1DD2BDA40038658F /* UIView+Common.m */; };
		FDAA38301DD2BE1F0038658F /* LianmengViewController.m in Sources */ = {isa = PBXBuildFile; fileRef = FDAA38291DD2BE1F0038658F /* LianmengViewController.m */; };
		FDAA38321DD2BE1F0038658F /* JulebuViewController.m in Sources */ = {isa = PBXBuildFile; fileRef = FDAA382D1DD2BE1F0038658F /* JulebuViewController.m */; };
		FDAA38331DD2BE1F0038658F /* MeViewController.m in Sources */ = {isa = PBXBuildFile; fileRef = FDAA382F1DD2BE1F0038658F /* MeViewController.m */; };
		FDC0D1F91F17C545008B5551 /* SearchJiaoLianViewController.m in Sources */ = {isa = PBXBuildFile; fileRef = FDC0D1F81F17C545008B5551 /* SearchJiaoLianViewController.m */; };
		FDC497A81F29AE5D002E7105 /* MyDataImportViewController.m in Sources */ = {isa = PBXBuildFile; fileRef = FDC497A31F29AE5D002E7105 /* MyDataImportViewController.m */; };
		FDC497AA1F29AE5D002E7105 /* MyQiuYuanDataImportViewController.m in Sources */ = {isa = PBXBuildFile; fileRef = FDC497A71F29AE5D002E7105 /* MyQiuYuanDataImportViewController.m */; };
		FDC497AE1F29AE9E002E7105 /* BeginTouView.m in Sources */ = {isa = PBXBuildFile; fileRef = FDC497AD1F29AE9E002E7105 /* BeginTouView.m */; };
		FDC497B11F29AEE4002E7105 /* MeView.m in Sources */ = {isa = PBXBuildFile; fileRef = FDC497B01F29AEE4002E7105 /* MeView.m */; };
		FDC497B51F29AF03002E7105 /* PPNumberButton.m in Sources */ = {isa = PBXBuildFile; fileRef = FDC497B41F29AF03002E7105 /* PPNumberButton.m */; };
		FDC497BA1F29AF1A002E7105 /* ACActionSheet.bundle in Resources */ = {isa = PBXBuildFile; fileRef = FDC497B71F29AF1A002E7105 /* ACActionSheet.bundle */; };
		FDC497BB1F29AF1A002E7105 /* ACActionSheet.m in Sources */ = {isa = PBXBuildFile; fileRef = FDC497B91F29AF1A002E7105 /* ACActionSheet.m */; };
		FDC4994B1F29AF9B002E7105 /* JHChart.m in Sources */ = {isa = PBXBuildFile; fileRef = FDC499481F29AF9B002E7105 /* JHChart.m */; };
		FDC4994C1F29AF9B002E7105 /* JHRadarChart.m in Sources */ = {isa = PBXBuildFile; fileRef = FDC4994A1F29AF9B002E7105 /* JHRadarChart.m */; };
		FDD24CC21F0BECF900DA16FC /* ChooseAreaViewController.m in Sources */ = {isa = PBXBuildFile; fileRef = FDD24CBF1F0BECF900DA16FC /* ChooseAreaViewController.m */; };
		FDD24CC31F0BECF900DA16FC /* ChooseCityViewController.m in Sources */ = {isa = PBXBuildFile; fileRef = FDD24CC11F0BECF900DA16FC /* ChooseCityViewController.m */; };
		FDD24CC61F0BEDF800DA16FC /* CityVo.m in Sources */ = {isa = PBXBuildFile; fileRef = FDD24CC51F0BEDF800DA16FC /* CityVo.m */; };
		FDD24CC91F0BEE1900DA16FC /* ProvinceVo.m in Sources */ = {isa = PBXBuildFile; fileRef = FDD24CC81F0BEE1900DA16FC /* ProvinceVo.m */; };
		FDD3AF6A1F21B01900EA7C23 /* CreateClubViewController.m in Sources */ = {isa = PBXBuildFile; fileRef = FDD3AF691F21B01900EA7C23 /* CreateClubViewController.m */; };
		FDD3AF6D1F21C9B700EA7C23 /* VerifyClubViewController.m in Sources */ = {isa = PBXBuildFile; fileRef = FDD3AF6C1F21C9B700EA7C23 /* VerifyClubViewController.m */; };
		FDD7E3F11F1F271600D05FE4 /* UserDataVo.h in Sources */ = {isa = PBXBuildFile; fileRef = FDA8EE5B1F07F3B800F3A01A /* UserDataVo.h */; };
		FDF3D43D1F0B981D003CAF5A /* ZLVerifyCodeButton.m in Sources */ = {isa = PBXBuildFile; fileRef = FDF3D43C1F0B981D003CAF5A /* ZLVerifyCodeButton.m */; };
		FDF3D4401F0B9AF0003CAF5A /* VerifyPswViewController.m in Sources */ = {isa = PBXBuildFile; fileRef = FDF3D43F1F0B9AF0003CAF5A /* VerifyPswViewController.m */; };
		FDF3D4431F0B9DCC003CAF5A /* PersonInfoViewController.m in Sources */ = {isa = PBXBuildFile; fileRef = FDF3D4421F0B9DCC003CAF5A /* PersonInfoViewController.m */; };
		FDF6B0091F0A8F740074CB39 /* DSLLoginTextField.m in Sources */ = {isa = PBXBuildFile; fileRef = FDF6B0081F0A8F740074CB39 /* DSLLoginTextField.m */; };
		FDF6FD1A1F20EADE00B4FB73 /* SearchClubViewController.m in Sources */ = {isa = PBXBuildFile; fileRef = FDF6FD191F20EADE00B4FB73 /* SearchClubViewController.m */; };
		FDF6FD1D1F20EAF300B4FB73 /* SearchCoachViewController.m in Sources */ = {isa = PBXBuildFile; fileRef = FDF6FD1C1F20EAF300B4FB73 /* SearchCoachViewController.m */; };
		FDFAE5E81F10C8C5008DF0BB /* ChooseSectionViewController.m in Sources */ = {isa = PBXBuildFile; fileRef = FDFAE5E71F10C8C5008DF0BB /* ChooseSectionViewController.m */; };
		FDFAE5F31F10EE74008DF0BB /* DongtaiViewController.m in Sources */ = {isa = PBXBuildFile; fileRef = FDFAE5F21F10EE74008DF0BB /* DongtaiViewController.m */; };
		FDFAE5F61F10EE82008DF0BB /* FocusViewController.m in Sources */ = {isa = PBXBuildFile; fileRef = FDFAE5F51F10EE82008DF0BB /* FocusViewController.m */; };
		FDFAE5F91F10F4F4008DF0BB /* YCSlideView.m in Sources */ = {isa = PBXBuildFile; fileRef = FDFAE5F81F10F4F4008DF0BB /* YCSlideView.m */; };
/* End PBXBuildFile section */

/* Begin PBXContainerItemProxy section */
		FDAA37AD1DD2BCF90038658F /* PBXContainerItemProxy */ = {
			isa = PBXContainerItemProxy;
			containerPortal = FDAA378B1DD2BCF80038658F /* Project object */;
			proxyType = 1;
			remoteGlobalIDString = FDAA37921DD2BCF80038658F;
			remoteInfo = FBLeague;
		};
		FDAA37B81DD2BCF90038658F /* PBXContainerItemProxy */ = {
			isa = PBXContainerItemProxy;
			containerPortal = FDAA378B1DD2BCF80038658F /* Project object */;
			proxyType = 1;
			remoteGlobalIDString = FDAA37921DD2BCF80038658F;
			remoteInfo = FBLeague;
		};
/* End PBXContainerItemProxy section */

/* Begin PBXFileReference section */
		0D654840A8FAB860BDF22C51 /* libPods-FBLeague.a */ = {isa = PBXFileReference; explicitFileType = archive.ar; includeInIndex = 0; path = "libPods-FBLeague.a"; sourceTree = BUILT_PRODUCTS_DIR; };
		32620ACCF1BDE2BDA488716C /* Pods-FBLeague.release.xcconfig */ = {isa = PBXFileReference; includeInIndex = 1; lastKnownFileType = text.xcconfig; name = "Pods-FBLeague.release.xcconfig"; path = "Pods/Target Support Files/Pods-FBLeague/Pods-FBLeague.release.xcconfig"; sourceTree = "<group>"; };
		93675E447FFAF16F47BF4878 /* Pods-FBLeague.debug.xcconfig */ = {isa = PBXFileReference; includeInIndex = 1; lastKnownFileType = text.xcconfig; name = "Pods-FBLeague.debug.xcconfig"; path = "Pods/Target Support Files/Pods-FBLeague/Pods-FBLeague.debug.xcconfig"; sourceTree = "<group>"; };
		FD1F2C4A1F048DA600063765 /* QMUIConfigurationTemplate.h */ = {isa = PBXFileReference; fileEncoding = 4; lastKnownFileType = sourcecode.c.h; path = QMUIConfigurationTemplate.h; sourceTree = "<group>"; };
		FD1F2C4B1F048DA600063765 /* QMUIConfigurationTemplate.m */ = {isa = PBXFileReference; fileEncoding = 4; lastKnownFileType = sourcecode.c.objc; path = QMUIConfigurationTemplate.m; sourceTree = "<group>"; };
		FD1F2C4D1F0490DF00063765 /* QDCommonUI.h */ = {isa = PBXFileReference; fileEncoding = 4; lastKnownFileType = sourcecode.c.h; name = QDCommonUI.h; path = Utils/QDCommonUI.h; sourceTree = "<group>"; };
		FD1F2C4E1F0490DF00063765 /* QDCommonUI.m */ = {isa = PBXFileReference; fileEncoding = 4; lastKnownFileType = sourcecode.c.objc; name = QDCommonUI.m; path = Utils/QDCommonUI.m; sourceTree = "<group>"; };
		FD1F2C4F1F0490DF00063765 /* QDUIHelper.h */ = {isa = PBXFileReference; fileEncoding = 4; lastKnownFileType = sourcecode.c.h; name = QDUIHelper.h; path = Utils/QDUIHelper.h; sourceTree = "<group>"; };
		FD1F2C501F0490DF00063765 /* QDUIHelper.m */ = {isa = PBXFileReference; fileEncoding = 4; lastKnownFileType = sourcecode.c.objc; name = QDUIHelper.m; path = Utils/QDUIHelper.m; sourceTree = "<group>"; };
		FD1F2C511F0490DF00063765 /* UIImageEffects.h */ = {isa = PBXFileReference; fileEncoding = 4; lastKnownFileType = sourcecode.c.h; name = UIImageEffects.h; path = Utils/UIImageEffects.h; sourceTree = "<group>"; };
		FD1F2C521F0490DF00063765 /* UIImageEffects.m */ = {isa = PBXFileReference; fileEncoding = 4; lastKnownFileType = sourcecode.c.objc; name = UIImageEffects.m; path = Utils/UIImageEffects.m; sourceTree = "<group>"; };
		FD1F2C571F0490EC00063765 /* QDCommonGridViewController.h */ = {isa = PBXFileReference; fileEncoding = 4; lastKnownFileType = sourcecode.c.h; path = QDCommonGridViewController.h; sourceTree = "<group>"; };
		FD1F2C581F0490EC00063765 /* QDCommonGridViewController.m */ = {isa = PBXFileReference; fileEncoding = 4; lastKnownFileType = sourcecode.c.objc; path = QDCommonGridViewController.m; sourceTree = "<group>"; };
		FD1F2C591F0490EC00063765 /* QDCommonGroupListViewController.h */ = {isa = PBXFileReference; fileEncoding = 4; lastKnownFileType = sourcecode.c.h; path = QDCommonGroupListViewController.h; sourceTree = "<group>"; };
		FD1F2C5A1F0490EC00063765 /* QDCommonGroupListViewController.m */ = {isa = PBXFileReference; fileEncoding = 4; lastKnownFileType = sourcecode.c.objc; path = QDCommonGroupListViewController.m; sourceTree = "<group>"; };
		FD1F2C5B1F0490EC00063765 /* QDCommonListViewController.h */ = {isa = PBXFileReference; fileEncoding = 4; lastKnownFileType = sourcecode.c.h; path = QDCommonListViewController.h; sourceTree = "<group>"; };
		FD1F2C5C1F0490EC00063765 /* QDCommonListViewController.m */ = {isa = PBXFileReference; fileEncoding = 4; lastKnownFileType = sourcecode.c.objc; path = QDCommonListViewController.m; sourceTree = "<group>"; };
		FD1F2C5D1F0490EC00063765 /* QDCommonTableViewController.h */ = {isa = PBXFileReference; fileEncoding = 4; lastKnownFileType = sourcecode.c.h; path = QDCommonTableViewController.h; sourceTree = "<group>"; };
		FD1F2C5E1F0490EC00063765 /* QDCommonTableViewController.m */ = {isa = PBXFileReference; fileEncoding = 4; lastKnownFileType = sourcecode.c.objc; path = QDCommonTableViewController.m; sourceTree = "<group>"; };
		FD1F2C5F1F0490EC00063765 /* QDCommonViewController.h */ = {isa = PBXFileReference; fileEncoding = 4; lastKnownFileType = sourcecode.c.h; path = QDCommonViewController.h; sourceTree = "<group>"; };
		FD1F2C601F0490EC00063765 /* QDCommonViewController.m */ = {isa = PBXFileReference; fileEncoding = 4; lastKnownFileType = sourcecode.c.objc; path = QDCommonViewController.m; sourceTree = "<group>"; };
		FD1F2C611F0490EC00063765 /* QDNavigationController.h */ = {isa = PBXFileReference; fileEncoding = 4; lastKnownFileType = sourcecode.c.h; path = QDNavigationController.h; sourceTree = "<group>"; };
		FD1F2C621F0490EC00063765 /* QDNavigationController.m */ = {isa = PBXFileReference; fileEncoding = 4; lastKnownFileType = sourcecode.c.objc; path = QDNavigationController.m; sourceTree = "<group>"; };
		FD1F2C631F0490EC00063765 /* QDTabBarViewController.h */ = {isa = PBXFileReference; fileEncoding = 4; lastKnownFileType = sourcecode.c.h; path = QDTabBarViewController.h; sourceTree = "<group>"; };
		FD1F2C641F0490EC00063765 /* QDTabBarViewController.m */ = {isa = PBXFileReference; fileEncoding = 4; lastKnownFileType = sourcecode.c.objc; path = QDTabBarViewController.m; sourceTree = "<group>"; };
		FD1F2C6D1F04B91700063765 /* LaunchScreen.xib */ = {isa = PBXFileReference; fileEncoding = 4; lastKnownFileType = file.xib; path = LaunchScreen.xib; sourceTree = "<group>"; };
		FD265A9A1F29E0BF00F92316 /* UIResponder+FirstResponder.h */ = {isa = PBXFileReference; fileEncoding = 4; lastKnownFileType = sourcecode.c.h; path = "UIResponder+FirstResponder.h"; sourceTree = "<group>"; };
		FD265A9B1F29E0BF00F92316 /* UIResponder+FirstResponder.m */ = {isa = PBXFileReference; fileEncoding = 4; lastKnownFileType = sourcecode.c.objc; path = "UIResponder+FirstResponder.m"; sourceTree = "<group>"; };
		FD265A9C1F29E0BF00F92316 /* WPAutoSpringTextViewController.h */ = {isa = PBXFileReference; fileEncoding = 4; lastKnownFileType = sourcecode.c.h; path = WPAutoSpringTextViewController.h; sourceTree = "<group>"; };
		FD265A9D1F29E0BF00F92316 /* WPAutoSpringTextViewController.m */ = {isa = PBXFileReference; fileEncoding = 4; lastKnownFileType = sourcecode.c.objc; path = WPAutoSpringTextViewController.m; sourceTree = "<group>"; };
		FD265AA11F29E16900F92316 /* MyJiaoLianDataViewController.h */ = {isa = PBXFileReference; fileEncoding = 4; lastKnownFileType = sourcecode.c.h; path = MyJiaoLianDataViewController.h; sourceTree = "<group>"; };
		FD265AA21F29E16900F92316 /* MyJiaoLianDataViewController.m */ = {isa = PBXFileReference; fileEncoding = 4; lastKnownFileType = sourcecode.c.objc; path = MyJiaoLianDataViewController.m; sourceTree = "<group>"; };
		FD265AA41F29E20600F92316 /* LianSaiViewController.h */ = {isa = PBXFileReference; fileEncoding = 4; lastKnownFileType = sourcecode.c.h; path = LianSaiViewController.h; sourceTree = "<group>"; };
		FD265AA51F29E20600F92316 /* LianSaiViewController.m */ = {isa = PBXFileReference; fileEncoding = 4; lastKnownFileType = sourcecode.c.objc; path = LianSaiViewController.m; sourceTree = "<group>"; };
		FD352FC21F1FA38000EA2A60 /* JiaoLianViewController.h */ = {isa = PBXFileReference; fileEncoding = 4; lastKnownFileType = sourcecode.c.h; path = JiaoLianViewController.h; sourceTree = "<group>"; };
		FD352FC31F1FA38000EA2A60 /* JiaoLianViewController.m */ = {isa = PBXFileReference; fileEncoding = 4; lastKnownFileType = sourcecode.c.objc; path = JiaoLianViewController.m; sourceTree = "<group>"; };
		FD352FC61F1FA3DB00EA2A60 /* CoachChooseTableViewCell.h */ = {isa = PBXFileReference; fileEncoding = 4; lastKnownFileType = sourcecode.c.h; path = CoachChooseTableViewCell.h; sourceTree = "<group>"; };
		FD352FC71F1FA3DB00EA2A60 /* CoachChooseTableViewCell.m */ = {isa = PBXFileReference; fileEncoding = 4; lastKnownFileType = sourcecode.c.objc; path = CoachChooseTableViewCell.m; sourceTree = "<group>"; };
		FD352FCC1F1FA43F00EA2A60 /* BaseTableViewController.h */ = {isa = PBXFileReference; fileEncoding = 4; lastKnownFileType = sourcecode.c.h; path = BaseTableViewController.h; sourceTree = "<group>"; };
		FD352FCD1F1FA43F00EA2A60 /* BaseTableViewController.m */ = {isa = PBXFileReference; fileEncoding = 4; lastKnownFileType = sourcecode.c.objc; path = BaseTableViewController.m; sourceTree = "<group>"; };
		FD352FCF1F1FA4AA00EA2A60 /* CoachVo.h */ = {isa = PBXFileReference; fileEncoding = 4; lastKnownFileType = sourcecode.c.h; path = CoachVo.h; sourceTree = "<group>"; };
		FD352FD01F1FA4AA00EA2A60 /* CoachVo.m */ = {isa = PBXFileReference; fileEncoding = 4; lastKnownFileType = sourcecode.c.objc; path = CoachVo.m; sourceTree = "<group>"; };
		FD71DD721F21D5E0006242B4 /* ReadDetailContentViewController.h */ = {isa = PBXFileReference; fileEncoding = 4; lastKnownFileType = sourcecode.c.h; path = ReadDetailContentViewController.h; sourceTree = "<group>"; };
		FD71DD731F21D5E0006242B4 /* ReadDetailContentViewController.m */ = {isa = PBXFileReference; fileEncoding = 4; lastKnownFileType = sourcecode.c.objc; path = ReadDetailContentViewController.m; sourceTree = "<group>"; };
		FD75D22D1F23518800306F77 /* NullSafe.m */ = {isa = PBXFileReference; fileEncoding = 4; lastKnownFileType = sourcecode.c.objc; path = NullSafe.m; sourceTree = "<group>"; };
		FD75D2301F25835200306F77 /* MemberViewController.h */ = {isa = PBXFileReference; fileEncoding = 4; lastKnownFileType = sourcecode.c.h; path = MemberViewController.h; sourceTree = "<group>"; };
		FD75D2311F25835200306F77 /* MemberViewController.m */ = {isa = PBXFileReference; fileEncoding = 4; lastKnownFileType = sourcecode.c.objc; path = MemberViewController.m; sourceTree = "<group>"; };
		FD75D2331F25837C00306F77 /* SaiChengViewController.h */ = {isa = PBXFileReference; fileEncoding = 4; lastKnownFileType = sourcecode.c.h; path = SaiChengViewController.h; sourceTree = "<group>"; };
		FD75D2341F25837C00306F77 /* SaiChengViewController.m */ = {isa = PBXFileReference; fileEncoding = 4; lastKnownFileType = sourcecode.c.objc; path = SaiChengViewController.m; sourceTree = "<group>"; };
		FD75D2371F2583C200306F77 /* ClassesViewController.h */ = {isa = PBXFileReference; fileEncoding = 4; lastKnownFileType = sourcecode.c.h; path = ClassesViewController.h; sourceTree = "<group>"; };
		FD75D2381F2583C200306F77 /* ClassesViewController.m */ = {isa = PBXFileReference; fileEncoding = 4; lastKnownFileType = sourcecode.c.objc; path = ClassesViewController.m; sourceTree = "<group>"; };
		FD75D23A1F2583E400306F77 /* MemeberDataViewController.h */ = {isa = PBXFileReference; fileEncoding = 4; lastKnownFileType = sourcecode.c.h; path = MemeberDataViewController.h; sourceTree = "<group>"; };
		FD75D23B1F2583E400306F77 /* MemeberDataViewController.m */ = {isa = PBXFileReference; fileEncoding = 4; lastKnownFileType = sourcecode.c.objc; path = MemeberDataViewController.m; sourceTree = "<group>"; };
		FD75D23E1F26486200306F77 /* DongtaiVo.h */ = {isa = PBXFileReference; fileEncoding = 4; lastKnownFileType = sourcecode.c.h; path = DongtaiVo.h; sourceTree = "<group>"; };
		FD75D23F1F26486200306F77 /* DongtaiVo.m */ = {isa = PBXFileReference; fileEncoding = 4; lastKnownFileType = sourcecode.c.objc; path = DongtaiVo.m; sourceTree = "<group>"; };
		FD75D2411F26491C00306F77 /* CommentVo.h */ = {isa = PBXFileReference; fileEncoding = 4; lastKnownFileType = sourcecode.c.h; path = CommentVo.h; sourceTree = "<group>"; };
		FD75D2421F26491C00306F77 /* CommentVo.m */ = {isa = PBXFileReference; fileEncoding = 4; lastKnownFileType = sourcecode.c.objc; path = CommentVo.m; sourceTree = "<group>"; };
		FD76CB381F0B87AE0047C0FE /* RegisterViewController.h */ = {isa = PBXFileReference; fileEncoding = 4; lastKnownFileType = sourcecode.c.h; path = RegisterViewController.h; sourceTree = "<group>"; };
		FD76CB391F0B87AE0047C0FE /* RegisterViewController.m */ = {isa = PBXFileReference; fileEncoding = 4; lastKnownFileType = sourcecode.c.objc; path = RegisterViewController.m; sourceTree = "<group>"; };
		FD979CC71F09473700F5BFBB /* LoginViewController.h */ = {isa = PBXFileReference; fileEncoding = 4; lastKnownFileType = sourcecode.c.h; path = LoginViewController.h; sourceTree = "<group>"; };
		FD979CC81F09473700F5BFBB /* LoginViewController.m */ = {isa = PBXFileReference; fileEncoding = 4; lastKnownFileType = sourcecode.c.objc; path = LoginViewController.m; sourceTree = "<group>"; };
		FDA062371DD2CD2D00CEBAA0 /* FBLeague-Prefix.pch */ = {isa = PBXFileReference; lastKnownFileType = sourcecode.c.h; path = "FBLeague-Prefix.pch"; sourceTree = "<group>"; };
		FDA116681F01FC67007F253C /* GTMBase64.h */ = {isa = PBXFileReference; fileEncoding = 4; lastKnownFileType = sourcecode.c.h; path = GTMBase64.h; sourceTree = "<group>"; };
		FDA116691F01FC67007F253C /* GTMBase64.m */ = {isa = PBXFileReference; fileEncoding = 4; lastKnownFileType = sourcecode.c.objc; path = GTMBase64.m; sourceTree = "<group>"; };
		FDA1166A1F01FC67007F253C /* GTMDefines.h */ = {isa = PBXFileReference; fileEncoding = 4; lastKnownFileType = sourcecode.c.h; path = GTMDefines.h; sourceTree = "<group>"; };
		FDA1166B1F01FC67007F253C /* README.md */ = {isa = PBXFileReference; fileEncoding = 4; lastKnownFileType = net.daringfireball.markdown; path = README.md; sourceTree = "<group>"; };
		FDA572A61F035A780072DF95 /* LICENSE */ = {isa = PBXFileReference; fileEncoding = 4; lastKnownFileType = text; path = LICENSE; sourceTree = "<group>"; };
		FDA572A71F035A780072DF95 /* MBProgressHUD+Add.h */ = {isa = PBXFileReference; fileEncoding = 4; lastKnownFileType = sourcecode.c.h; path = "MBProgressHUD+Add.h"; sourceTree = "<group>"; };
		FDA572A81F035A780072DF95 /* MBProgressHUD+Add.m */ = {isa = PBXFileReference; fileEncoding = 4; lastKnownFileType = sourcecode.c.objc; path = "MBProgressHUD+Add.m"; sourceTree = "<group>"; };
		FDA572A91F035A780072DF95 /* README.mdown */ = {isa = PBXFileReference; fileEncoding = 4; lastKnownFileType = net.daringfireball.markdown; path = README.mdown; sourceTree = "<group>"; };
		FDA8EE571F07F21B00F3A01A /* FirstLoginViewController.h */ = {isa = PBXFileReference; fileEncoding = 4; lastKnownFileType = sourcecode.c.h; path = FirstLoginViewController.h; sourceTree = "<group>"; };
		FDA8EE581F07F21B00F3A01A /* FirstLoginViewController.m */ = {isa = PBXFileReference; fileEncoding = 4; lastKnownFileType = sourcecode.c.objc; path = FirstLoginViewController.m; sourceTree = "<group>"; };
		FDA8EE5B1F07F3B800F3A01A /* UserDataVo.h */ = {isa = PBXFileReference; fileEncoding = 4; lastKnownFileType = sourcecode.c.h; path = UserDataVo.h; sourceTree = "<group>"; };
		FDA8EE5C1F07F3B800F3A01A /* UserDataVo.m */ = {isa = PBXFileReference; fileEncoding = 4; lastKnownFileType = sourcecode.c.objc; path = UserDataVo.m; sourceTree = "<group>"; };
		FDAA37931DD2BCF80038658F /* 咖盟.app */ = {isa = PBXFileReference; explicitFileType = wrapper.application; includeInIndex = 0; path = "咖盟.app"; sourceTree = BUILT_PRODUCTS_DIR; };
		FDAA37971DD2BCF80038658F /* main.m */ = {isa = PBXFileReference; lastKnownFileType = sourcecode.c.objc; path = main.m; sourceTree = "<group>"; };
		FDAA37991DD2BCF80038658F /* AppDelegate.h */ = {isa = PBXFileReference; lastKnownFileType = sourcecode.c.h; path = AppDelegate.h; sourceTree = "<group>"; };
		FDAA379A1DD2BCF80038658F /* AppDelegate.m */ = {isa = PBXFileReference; lastKnownFileType = sourcecode.c.objc; path = AppDelegate.m; sourceTree = "<group>"; };
		FDAA37A01DD2BCF80038658F /* Base */ = {isa = PBXFileReference; lastKnownFileType = file.storyboard; name = Base; path = Base.lproj/Main.storyboard; sourceTree = "<group>"; };
		FDAA37A21DD2BCF80038658F /* Assets.xcassets */ = {isa = PBXFileReference; lastKnownFileType = folder.assetcatalog; path = Assets.xcassets; sourceTree = "<group>"; };
		FDAA37A71DD2BCF90038658F /* Info.plist */ = {isa = PBXFileReference; lastKnownFileType = text.plist.xml; path = Info.plist; sourceTree = "<group>"; };
		FDAA37AC1DD2BCF90038658F /* FBLeagueTests.xctest */ = {isa = PBXFileReference; explicitFileType = wrapper.cfbundle; includeInIndex = 0; path = FBLeagueTests.xctest; sourceTree = BUILT_PRODUCTS_DIR; };
		FDAA37B01DD2BCF90038658F /* FBLeagueTests.m */ = {isa = PBXFileReference; lastKnownFileType = sourcecode.c.objc; path = FBLeagueTests.m; sourceTree = "<group>"; };
		FDAA37B21DD2BCF90038658F /* Info.plist */ = {isa = PBXFileReference; lastKnownFileType = text.plist.xml; path = Info.plist; sourceTree = "<group>"; };
		FDAA37B71DD2BCF90038658F /* FBLeagueUITests.xctest */ = {isa = PBXFileReference; explicitFileType = wrapper.cfbundle; includeInIndex = 0; path = FBLeagueUITests.xctest; sourceTree = BUILT_PRODUCTS_DIR; };
		FDAA37BB1DD2BCF90038658F /* FBLeagueUITests.m */ = {isa = PBXFileReference; lastKnownFileType = sourcecode.c.objc; path = FBLeagueUITests.m; sourceTree = "<group>"; };
		FDAA37BD1DD2BCF90038658F /* Info.plist */ = {isa = PBXFileReference; lastKnownFileType = text.plist.xml; path = Info.plist; sourceTree = "<group>"; };
		FDAA37C91DD2BD690038658F /* BaseViewController.h */ = {isa = PBXFileReference; fileEncoding = 4; lastKnownFileType = sourcecode.c.h; path = BaseViewController.h; sourceTree = "<group>"; };
		FDAA37CA1DD2BD690038658F /* BaseViewController.m */ = {isa = PBXFileReference; fileEncoding = 4; lastKnownFileType = sourcecode.c.objc; path = BaseViewController.m; sourceTree = "<group>"; };
		FDAA37D11DD2BDA40038658F /* ObjcRuntime.h */ = {isa = PBXFileReference; fileEncoding = 4; lastKnownFileType = sourcecode.c.h; path = ObjcRuntime.h; sourceTree = "<group>"; };
		FDAA37D21DD2BDA40038658F /* ObjcRuntime.m */ = {isa = PBXFileReference; fileEncoding = 4; lastKnownFileType = sourcecode.c.objc; path = ObjcRuntime.m; sourceTree = "<group>"; };
		FDAA37D41DD2BDA40038658F /* CommonFunc.h */ = {isa = PBXFileReference; fileEncoding = 4; lastKnownFileType = sourcecode.c.h; path = CommonFunc.h; sourceTree = "<group>"; };
		FDAA37D51DD2BDA40038658F /* CommonFunc.m */ = {isa = PBXFileReference; fileEncoding = 4; lastKnownFileType = sourcecode.c.objc; path = CommonFunc.m; sourceTree = "<group>"; };
		FDAA37D61DD2BDA40038658F /* MWLocalDataTool.h */ = {isa = PBXFileReference; fileEncoding = 4; lastKnownFileType = sourcecode.c.h; path = MWLocalDataTool.h; sourceTree = "<group>"; };
		FDAA37D71DD2BDA40038658F /* MWLocalDataTool.m */ = {isa = PBXFileReference; fileEncoding = 4; lastKnownFileType = sourcecode.c.objc; path = MWLocalDataTool.m; sourceTree = "<group>"; };
		FDAA37D81DD2BDA40038658F /* NSObject+Common.h */ = {isa = PBXFileReference; fileEncoding = 4; lastKnownFileType = sourcecode.c.h; path = "NSObject+Common.h"; sourceTree = "<group>"; };
		FDAA37D91DD2BDA40038658F /* NSObject+Common.m */ = {isa = PBXFileReference; fileEncoding = 4; lastKnownFileType = sourcecode.c.objc; path = "NSObject+Common.m"; sourceTree = "<group>"; };
		FDAA37DA1DD2BDA40038658F /* NSString+Common.h */ = {isa = PBXFileReference; fileEncoding = 4; lastKnownFileType = sourcecode.c.h; path = "NSString+Common.h"; sourceTree = "<group>"; };
		FDAA37DB1DD2BDA40038658F /* NSString+Common.m */ = {isa = PBXFileReference; fileEncoding = 4; lastKnownFileType = sourcecode.c.objc; path = "NSString+Common.m"; sourceTree = "<group>"; };
		FDAA37DC1DD2BDA40038658F /* UIBarButtonItem+Tinted.h */ = {isa = PBXFileReference; fileEncoding = 4; lastKnownFileType = sourcecode.c.h; path = "UIBarButtonItem+Tinted.h"; sourceTree = "<group>"; };
		FDAA37DD1DD2BDA40038658F /* UIBarButtonItem+Tinted.m */ = {isa = PBXFileReference; fileEncoding = 4; lastKnownFileType = sourcecode.c.objc; path = "UIBarButtonItem+Tinted.m"; sourceTree = "<group>"; };
		FDAA37DE1DD2BDA40038658F /* UIButton+Block.h */ = {isa = PBXFileReference; fileEncoding = 4; lastKnownFileType = sourcecode.c.h; path = "UIButton+Block.h"; sourceTree = "<group>"; };
		FDAA37DF1DD2BDA40038658F /* UIButton+Block.m */ = {isa = PBXFileReference; fileEncoding = 4; lastKnownFileType = sourcecode.c.objc; path = "UIButton+Block.m"; sourceTree = "<group>"; };
		FDAA37E01DD2BDA40038658F /* UIColor+Expanded.h */ = {isa = PBXFileReference; fileEncoding = 4; lastKnownFileType = sourcecode.c.h; path = "UIColor+Expanded.h"; sourceTree = "<group>"; };
		FDAA37E11DD2BDA40038658F /* UIColor+Expanded.m */ = {isa = PBXFileReference; fileEncoding = 4; lastKnownFileType = sourcecode.c.objc; path = "UIColor+Expanded.m"; sourceTree = "<group>"; };
		FDAA37E21DD2BDA40038658F /* UIImage+Common.h */ = {isa = PBXFileReference; fileEncoding = 4; lastKnownFileType = sourcecode.c.h; path = "UIImage+Common.h"; sourceTree = "<group>"; };
		FDAA37E31DD2BDA40038658F /* UIImage+Common.m */ = {isa = PBXFileReference; fileEncoding = 4; lastKnownFileType = sourcecode.c.objc; path = "UIImage+Common.m"; sourceTree = "<group>"; };
		FDAA37E41DD2BDA40038658F /* UIImage+SCImage.h */ = {isa = PBXFileReference; fileEncoding = 4; lastKnownFileType = sourcecode.c.h; path = "UIImage+SCImage.h"; sourceTree = "<group>"; };
		FDAA37E51DD2BDA40038658F /* UIImage+SCImage.m */ = {isa = PBXFileReference; fileEncoding = 4; lastKnownFileType = sourcecode.c.objc; path = "UIImage+SCImage.m"; sourceTree = "<group>"; };
		FDAA37E61DD2BDA40038658F /* UILabel+Common.h */ = {isa = PBXFileReference; fileEncoding = 4; lastKnownFileType = sourcecode.c.h; path = "UILabel+Common.h"; sourceTree = "<group>"; };
		FDAA37E71DD2BDA40038658F /* UILabel+Common.m */ = {isa = PBXFileReference; fileEncoding = 4; lastKnownFileType = sourcecode.c.objc; path = "UILabel+Common.m"; sourceTree = "<group>"; };
		FDAA37E81DD2BDA40038658F /* UIView+Addition.h */ = {isa = PBXFileReference; fileEncoding = 4; lastKnownFileType = sourcecode.c.h; path = "UIView+Addition.h"; sourceTree = "<group>"; };
		FDAA37E91DD2BDA40038658F /* UIView+Addition.m */ = {isa = PBXFileReference; fileEncoding = 4; lastKnownFileType = sourcecode.c.objc; path = "UIView+Addition.m"; sourceTree = "<group>"; };
		FDAA37EA1DD2BDA40038658F /* UIView+Common.h */ = {isa = PBXFileReference; fileEncoding = 4; lastKnownFileType = sourcecode.c.h; path = "UIView+Common.h"; sourceTree = "<group>"; };
		FDAA37EB1DD2BDA40038658F /* UIView+Common.m */ = {isa = PBXFileReference; fileEncoding = 4; lastKnownFileType = sourcecode.c.objc; path = "UIView+Common.m"; sourceTree = "<group>"; };
		FDAA38281DD2BE1F0038658F /* LianmengViewController.h */ = {isa = PBXFileReference; fileEncoding = 4; lastKnownFileType = sourcecode.c.h; path = LianmengViewController.h; sourceTree = "<group>"; };
		FDAA38291DD2BE1F0038658F /* LianmengViewController.m */ = {isa = PBXFileReference; fileEncoding = 4; lastKnownFileType = sourcecode.c.objc; path = LianmengViewController.m; sourceTree = "<group>"; };
		FDAA382C1DD2BE1F0038658F /* JulebuViewController.h */ = {isa = PBXFileReference; fileEncoding = 4; lastKnownFileType = sourcecode.c.h; path = JulebuViewController.h; sourceTree = "<group>"; };
		FDAA382D1DD2BE1F0038658F /* JulebuViewController.m */ = {isa = PBXFileReference; fileEncoding = 4; lastKnownFileType = sourcecode.c.objc; path = JulebuViewController.m; sourceTree = "<group>"; };
		FDAA382E1DD2BE1F0038658F /* MeViewController.h */ = {isa = PBXFileReference; fileEncoding = 4; lastKnownFileType = sourcecode.c.h; path = MeViewController.h; sourceTree = "<group>"; };
		FDAA382F1DD2BE1F0038658F /* MeViewController.m */ = {isa = PBXFileReference; fileEncoding = 4; lastKnownFileType = sourcecode.c.objc; path = MeViewController.m; sourceTree = "<group>"; };
		FDC0D1F71F17C545008B5551 /* SearchJiaoLianViewController.h */ = {isa = PBXFileReference; fileEncoding = 4; lastKnownFileType = sourcecode.c.h; path = SearchJiaoLianViewController.h; sourceTree = "<group>"; };
		FDC0D1F81F17C545008B5551 /* SearchJiaoLianViewController.m */ = {isa = PBXFileReference; fileEncoding = 4; lastKnownFileType = sourcecode.c.objc; path = SearchJiaoLianViewController.m; sourceTree = "<group>"; };
		FDC0D1FA1F1A0DD3008B5551 /* zh-Hans */ = {isa = PBXFileReference; lastKnownFileType = text.plist.strings; name = "zh-Hans"; path = "zh-Hans.lproj/Main.strings"; sourceTree = "<group>"; };
		FDC497A21F29AE5D002E7105 /* MyDataImportViewController.h */ = {isa = PBXFileReference; fileEncoding = 4; lastKnownFileType = sourcecode.c.h; path = MyDataImportViewController.h; sourceTree = "<group>"; };
		FDC497A31F29AE5D002E7105 /* MyDataImportViewController.m */ = {isa = PBXFileReference; fileEncoding = 4; lastKnownFileType = sourcecode.c.objc; path = MyDataImportViewController.m; sourceTree = "<group>"; };
		FDC497A61F29AE5D002E7105 /* MyQiuYuanDataImportViewController.h */ = {isa = PBXFileReference; fileEncoding = 4; lastKnownFileType = sourcecode.c.h; path = MyQiuYuanDataImportViewController.h; sourceTree = "<group>"; };
		FDC497A71F29AE5D002E7105 /* MyQiuYuanDataImportViewController.m */ = {isa = PBXFileReference; fileEncoding = 4; lastKnownFileType = sourcecode.c.objc; path = MyQiuYuanDataImportViewController.m; sourceTree = "<group>"; };
		FDC497AC1F29AE9E002E7105 /* BeginTouView.h */ = {isa = PBXFileReference; fileEncoding = 4; lastKnownFileType = sourcecode.c.h; path = BeginTouView.h; sourceTree = "<group>"; };
		FDC497AD1F29AE9E002E7105 /* BeginTouView.m */ = {isa = PBXFileReference; fileEncoding = 4; lastKnownFileType = sourcecode.c.objc; path = BeginTouView.m; sourceTree = "<group>"; };
		FDC497AF1F29AEE4002E7105 /* MeView.h */ = {isa = PBXFileReference; fileEncoding = 4; lastKnownFileType = sourcecode.c.h; path = MeView.h; sourceTree = "<group>"; };
		FDC497B01F29AEE4002E7105 /* MeView.m */ = {isa = PBXFileReference; fileEncoding = 4; lastKnownFileType = sourcecode.c.objc; path = MeView.m; sourceTree = "<group>"; };
		FDC497B31F29AF03002E7105 /* PPNumberButton.h */ = {isa = PBXFileReference; fileEncoding = 4; lastKnownFileType = sourcecode.c.h; path = PPNumberButton.h; sourceTree = "<group>"; };
		FDC497B41F29AF03002E7105 /* PPNumberButton.m */ = {isa = PBXFileReference; fileEncoding = 4; lastKnownFileType = sourcecode.c.objc; path = PPNumberButton.m; sourceTree = "<group>"; };
		FDC497B71F29AF1A002E7105 /* ACActionSheet.bundle */ = {isa = PBXFileReference; lastKnownFileType = "wrapper.plug-in"; path = ACActionSheet.bundle; sourceTree = "<group>"; };
		FDC497B81F29AF1A002E7105 /* ACActionSheet.h */ = {isa = PBXFileReference; fileEncoding = 4; lastKnownFileType = sourcecode.c.h; path = ACActionSheet.h; sourceTree = "<group>"; };
		FDC497B91F29AF1A002E7105 /* ACActionSheet.m */ = {isa = PBXFileReference; fileEncoding = 4; lastKnownFileType = sourcecode.c.objc; path = ACActionSheet.m; sourceTree = "<group>"; };
		FDC499461F29AF9B002E7105 /* JHChartHeader.h */ = {isa = PBXFileReference; fileEncoding = 4; lastKnownFileType = sourcecode.c.h; path = JHChartHeader.h; sourceTree = "<group>"; };
		FDC499471F29AF9B002E7105 /* JHChart.h */ = {isa = PBXFileReference; fileEncoding = 4; lastKnownFileType = sourcecode.c.h; path = JHChart.h; sourceTree = "<group>"; };
		FDC499481F29AF9B002E7105 /* JHChart.m */ = {isa = PBXFileReference; fileEncoding = 4; lastKnownFileType = sourcecode.c.objc; path = JHChart.m; sourceTree = "<group>"; };
		FDC499491F29AF9B002E7105 /* JHRadarChart.h */ = {isa = PBXFileReference; fileEncoding = 4; lastKnownFileType = sourcecode.c.h; path = JHRadarChart.h; sourceTree = "<group>"; };
		FDC4994A1F29AF9B002E7105 /* JHRadarChart.m */ = {isa = PBXFileReference; fileEncoding = 4; lastKnownFileType = sourcecode.c.objc; path = JHRadarChart.m; sourceTree = "<group>"; };
		FDD24CBE1F0BECF900DA16FC /* ChooseAreaViewController.h */ = {isa = PBXFileReference; fileEncoding = 4; lastKnownFileType = sourcecode.c.h; path = ChooseAreaViewController.h; sourceTree = "<group>"; };
		FDD24CBF1F0BECF900DA16FC /* ChooseAreaViewController.m */ = {isa = PBXFileReference; fileEncoding = 4; lastKnownFileType = sourcecode.c.objc; path = ChooseAreaViewController.m; sourceTree = "<group>"; };
		FDD24CC01F0BECF900DA16FC /* ChooseCityViewController.h */ = {isa = PBXFileReference; fileEncoding = 4; lastKnownFileType = sourcecode.c.h; path = ChooseCityViewController.h; sourceTree = "<group>"; };
		FDD24CC11F0BECF900DA16FC /* ChooseCityViewController.m */ = {isa = PBXFileReference; fileEncoding = 4; lastKnownFileType = sourcecode.c.objc; path = ChooseCityViewController.m; sourceTree = "<group>"; };
		FDD24CC41F0BEDF800DA16FC /* CityVo.h */ = {isa = PBXFileReference; fileEncoding = 4; lastKnownFileType = sourcecode.c.h; path = CityVo.h; sourceTree = "<group>"; };
		FDD24CC51F0BEDF800DA16FC /* CityVo.m */ = {isa = PBXFileReference; fileEncoding = 4; lastKnownFileType = sourcecode.c.objc; path = CityVo.m; sourceTree = "<group>"; };
		FDD24CC71F0BEE1900DA16FC /* ProvinceVo.h */ = {isa = PBXFileReference; fileEncoding = 4; lastKnownFileType = sourcecode.c.h; path = ProvinceVo.h; sourceTree = "<group>"; };
		FDD24CC81F0BEE1900DA16FC /* ProvinceVo.m */ = {isa = PBXFileReference; fileEncoding = 4; lastKnownFileType = sourcecode.c.objc; path = ProvinceVo.m; sourceTree = "<group>"; };
		FDD3AF681F21B01900EA7C23 /* CreateClubViewController.h */ = {isa = PBXFileReference; fileEncoding = 4; lastKnownFileType = sourcecode.c.h; path = CreateClubViewController.h; sourceTree = "<group>"; };
		FDD3AF691F21B01900EA7C23 /* CreateClubViewController.m */ = {isa = PBXFileReference; fileEncoding = 4; lastKnownFileType = sourcecode.c.objc; path = CreateClubViewController.m; sourceTree = "<group>"; };
		FDD3AF6B1F21C9B700EA7C23 /* VerifyClubViewController.h */ = {isa = PBXFileReference; fileEncoding = 4; lastKnownFileType = sourcecode.c.h; path = VerifyClubViewController.h; sourceTree = "<group>"; };
		FDD3AF6C1F21C9B700EA7C23 /* VerifyClubViewController.m */ = {isa = PBXFileReference; fileEncoding = 4; lastKnownFileType = sourcecode.c.objc; path = VerifyClubViewController.m; sourceTree = "<group>"; };
		FDF3D43B1F0B981D003CAF5A /* ZLVerifyCodeButton.h */ = {isa = PBXFileReference; fileEncoding = 4; lastKnownFileType = sourcecode.c.h; path = ZLVerifyCodeButton.h; sourceTree = "<group>"; };
		FDF3D43C1F0B981D003CAF5A /* ZLVerifyCodeButton.m */ = {isa = PBXFileReference; fileEncoding = 4; lastKnownFileType = sourcecode.c.objc; path = ZLVerifyCodeButton.m; sourceTree = "<group>"; };
		FDF3D43E1F0B9AF0003CAF5A /* VerifyPswViewController.h */ = {isa = PBXFileReference; fileEncoding = 4; lastKnownFileType = sourcecode.c.h; path = VerifyPswViewController.h; sourceTree = "<group>"; };
		FDF3D43F1F0B9AF0003CAF5A /* VerifyPswViewController.m */ = {isa = PBXFileReference; fileEncoding = 4; lastKnownFileType = sourcecode.c.objc; path = VerifyPswViewController.m; sourceTree = "<group>"; };
		FDF3D4411F0B9DCC003CAF5A /* PersonInfoViewController.h */ = {isa = PBXFileReference; fileEncoding = 4; lastKnownFileType = sourcecode.c.h; path = PersonInfoViewController.h; sourceTree = "<group>"; };
		FDF3D4421F0B9DCC003CAF5A /* PersonInfoViewController.m */ = {isa = PBXFileReference; fileEncoding = 4; lastKnownFileType = sourcecode.c.objc; path = PersonInfoViewController.m; sourceTree = "<group>"; };
		FDF65E2B1DD374780008386D /* APIUrl.h */ = {isa = PBXFileReference; lastKnownFileType = sourcecode.c.h; path = APIUrl.h; sourceTree = "<group>"; };
		FDF6B0071F0A8F740074CB39 /* DSLLoginTextField.h */ = {isa = PBXFileReference; fileEncoding = 4; lastKnownFileType = sourcecode.c.h; path = DSLLoginTextField.h; sourceTree = "<group>"; };
		FDF6B0081F0A8F740074CB39 /* DSLLoginTextField.m */ = {isa = PBXFileReference; fileEncoding = 4; lastKnownFileType = sourcecode.c.objc; path = DSLLoginTextField.m; sourceTree = "<group>"; };
		FDF6FD181F20EADE00B4FB73 /* SearchClubViewController.h */ = {isa = PBXFileReference; fileEncoding = 4; lastKnownFileType = sourcecode.c.h; path = SearchClubViewController.h; sourceTree = "<group>"; };
		FDF6FD191F20EADE00B4FB73 /* SearchClubViewController.m */ = {isa = PBXFileReference; fileEncoding = 4; lastKnownFileType = sourcecode.c.objc; path = SearchClubViewController.m; sourceTree = "<group>"; };
		FDF6FD1B1F20EAF300B4FB73 /* SearchCoachViewController.h */ = {isa = PBXFileReference; fileEncoding = 4; lastKnownFileType = sourcecode.c.h; path = SearchCoachViewController.h; sourceTree = "<group>"; };
		FDF6FD1C1F20EAF300B4FB73 /* SearchCoachViewController.m */ = {isa = PBXFileReference; fileEncoding = 4; lastKnownFileType = sourcecode.c.objc; path = SearchCoachViewController.m; sourceTree = "<group>"; };
		FDFAE5E61F10C8C5008DF0BB /* ChooseSectionViewController.h */ = {isa = PBXFileReference; fileEncoding = 4; lastKnownFileType = sourcecode.c.h; path = ChooseSectionViewController.h; sourceTree = "<group>"; };
		FDFAE5E71F10C8C5008DF0BB /* ChooseSectionViewController.m */ = {isa = PBXFileReference; fileEncoding = 4; lastKnownFileType = sourcecode.c.objc; path = ChooseSectionViewController.m; sourceTree = "<group>"; };
		FDFAE5F11F10EE74008DF0BB /* DongtaiViewController.h */ = {isa = PBXFileReference; fileEncoding = 4; lastKnownFileType = sourcecode.c.h; path = DongtaiViewController.h; sourceTree = "<group>"; };
		FDFAE5F21F10EE74008DF0BB /* DongtaiViewController.m */ = {isa = PBXFileReference; fileEncoding = 4; lastKnownFileType = sourcecode.c.objc; path = DongtaiViewController.m; sourceTree = "<group>"; };
		FDFAE5F41F10EE82008DF0BB /* FocusViewController.h */ = {isa = PBXFileReference; fileEncoding = 4; lastKnownFileType = sourcecode.c.h; path = FocusViewController.h; sourceTree = "<group>"; };
		FDFAE5F51F10EE82008DF0BB /* FocusViewController.m */ = {isa = PBXFileReference; fileEncoding = 4; lastKnownFileType = sourcecode.c.objc; path = FocusViewController.m; sourceTree = "<group>"; };
		FDFAE5F71F10F4F4008DF0BB /* YCSlideView.h */ = {isa = PBXFileReference; fileEncoding = 4; lastKnownFileType = sourcecode.c.h; path = YCSlideView.h; sourceTree = "<group>"; };
		FDFAE5F81F10F4F4008DF0BB /* YCSlideView.m */ = {isa = PBXFileReference; fileEncoding = 4; lastKnownFileType = sourcecode.c.objc; path = YCSlideView.m; sourceTree = "<group>"; };
/* End PBXFileReference section */

/* Begin PBXFrameworksBuildPhase section */
		FDAA37901DD2BCF80038658F /* Frameworks */ = {
			isa = PBXFrameworksBuildPhase;
			buildActionMask = 2147483647;
			files = (
				FD20D7B81F12731000DDDA86 /* libPods-FBLeague.a in Frameworks */,
			);
			runOnlyForDeploymentPostprocessing = 0;
		};
		FDAA37A91DD2BCF90038658F /* Frameworks */ = {
			isa = PBXFrameworksBuildPhase;
			buildActionMask = 2147483647;
			files = (
			);
			runOnlyForDeploymentPostprocessing = 0;
		};
		FDAA37B41DD2BCF90038658F /* Frameworks */ = {
			isa = PBXFrameworksBuildPhase;
			buildActionMask = 2147483647;
			files = (
			);
			runOnlyForDeploymentPostprocessing = 0;
		};
/* End PBXFrameworksBuildPhase section */

/* Begin PBXGroup section */
		2BF4F31F3C1A98217EEBCA34 /* Frameworks */ = {
			isa = PBXGroup;
			children = (
				0D654840A8FAB860BDF22C51 /* libPods-FBLeague.a */,
			);
			name = Frameworks;
			sourceTree = "<group>";
		};
		CECFE41FC9A6A28E44B3EC53 /* Pods */ = {
			isa = PBXGroup;
			children = (
				93675E447FFAF16F47BF4878 /* Pods-FBLeague.debug.xcconfig */,
				32620ACCF1BDE2BDA488716C /* Pods-FBLeague.release.xcconfig */,
			);
			name = Pods;
			sourceTree = "<group>";
		};
		FD1F2C491F048DA600063765 /* QMUIConfigurationTemplate */ = {
			isa = PBXGroup;
			children = (
				FD1F2C4A1F048DA600063765 /* QMUIConfigurationTemplate.h */,
				FD1F2C4B1F048DA600063765 /* QMUIConfigurationTemplate.m */,
			);
			path = QMUIConfigurationTemplate;
			sourceTree = "<group>";
		};
		FD1F2C561F0490EC00063765 /* Controllers */ = {
			isa = PBXGroup;
			children = (
				FD1F2C571F0490EC00063765 /* QDCommonGridViewController.h */,
				FD1F2C581F0490EC00063765 /* QDCommonGridViewController.m */,
				FD1F2C591F0490EC00063765 /* QDCommonGroupListViewController.h */,
				FD1F2C5A1F0490EC00063765 /* QDCommonGroupListViewController.m */,
				FD1F2C5B1F0490EC00063765 /* QDCommonListViewController.h */,
				FD1F2C5C1F0490EC00063765 /* QDCommonListViewController.m */,
				FD1F2C5D1F0490EC00063765 /* QDCommonTableViewController.h */,
				FD1F2C5E1F0490EC00063765 /* QDCommonTableViewController.m */,
				FD1F2C5F1F0490EC00063765 /* QDCommonViewController.h */,
				FD1F2C601F0490EC00063765 /* QDCommonViewController.m */,
				FD1F2C611F0490EC00063765 /* QDNavigationController.h */,
				FD1F2C621F0490EC00063765 /* QDNavigationController.m */,
				FD1F2C631F0490EC00063765 /* QDTabBarViewController.h */,
				FD1F2C641F0490EC00063765 /* QDTabBarViewController.m */,
			);
			path = Controllers;
			sourceTree = "<group>";
		};
		FD265AA01F29E0C400F92316 /* keyboard */ = {
			isa = PBXGroup;
			children = (
				FD265A9A1F29E0BF00F92316 /* UIResponder+FirstResponder.h */,
				FD265A9B1F29E0BF00F92316 /* UIResponder+FirstResponder.m */,
				FD265A9C1F29E0BF00F92316 /* WPAutoSpringTextViewController.h */,
				FD265A9D1F29E0BF00F92316 /* WPAutoSpringTextViewController.m */,
			);
			name = keyboard;
			sourceTree = "<group>";
		};
		FD352FC51F1FA3A700EA2A60 /* shouye */ = {
			isa = PBXGroup;
			children = (
				FD352FC61F1FA3DB00EA2A60 /* CoachChooseTableViewCell.h */,
				FD352FC71F1FA3DB00EA2A60 /* CoachChooseTableViewCell.m */,
			);
			name = shouye;
			sourceTree = "<group>";
		};
		FD75D22C1F23516600306F77 /* NullSafe */ = {
			isa = PBXGroup;
			children = (
				FD75D22D1F23518800306F77 /* NullSafe.m */,
			);
			name = NullSafe;
			sourceTree = "<group>";
		};
		FD75D22F1F25832400306F77 /* 已创建俱乐部 */ = {
			isa = PBXGroup;
			children = (
				FD75D2301F25835200306F77 /* MemberViewController.h */,
				FD75D2311F25835200306F77 /* MemberViewController.m */,
				FD75D2331F25837C00306F77 /* SaiChengViewController.h */,
				FD75D2341F25837C00306F77 /* SaiChengViewController.m */,
			);
			name = "已创建俱乐部";
			sourceTree = "<group>";
		};
		FD75D2361F2583B300306F77 /* 教练员详情 */ = {
			isa = PBXGroup;
			children = (
				FD75D2371F2583C200306F77 /* ClassesViewController.h */,
				FD75D2381F2583C200306F77 /* ClassesViewController.m */,
				FD75D23A1F2583E400306F77 /* MemeberDataViewController.h */,
				FD75D23B1F2583E400306F77 /* MemeberDataViewController.m */,
			);
			name = "教练员详情";
			sourceTree = "<group>";
		};
		FDA116671F01FC67007F253C /* GTMBase64-master */ = {
			isa = PBXGroup;
			children = (
				FDA116681F01FC67007F253C /* GTMBase64.h */,
				FDA116691F01FC67007F253C /* GTMBase64.m */,
				FDA1166A1F01FC67007F253C /* GTMDefines.h */,
				FDA1166B1F01FC67007F253C /* README.md */,
			);
			name = "GTMBase64-master";
			path = "GTMBase64-master/GTMBase64-master";
			sourceTree = "<group>";
		};
		FDA572A51F035A780072DF95 /* MBProgressHUD */ = {
			isa = PBXGroup;
			children = (
				FDA572A61F035A780072DF95 /* LICENSE */,
				FDA572A71F035A780072DF95 /* MBProgressHUD+Add.h */,
				FDA572A81F035A780072DF95 /* MBProgressHUD+Add.m */,
				FDA572A91F035A780072DF95 /* README.mdown */,
			);
			path = MBProgressHUD;
			sourceTree = "<group>";
		};
		FDA8EE561F07F1FC00F3A01A /* login */ = {
			isa = PBXGroup;
			children = (
				FDFAE5E61F10C8C5008DF0BB /* ChooseSectionViewController.h */,
				FDFAE5E71F10C8C5008DF0BB /* ChooseSectionViewController.m */,
				FDD24CBE1F0BECF900DA16FC /* ChooseAreaViewController.h */,
				FDD24CBF1F0BECF900DA16FC /* ChooseAreaViewController.m */,
				FDD24CC01F0BECF900DA16FC /* ChooseCityViewController.h */,
				FDD24CC11F0BECF900DA16FC /* ChooseCityViewController.m */,
				FD76CB381F0B87AE0047C0FE /* RegisterViewController.h */,
				FD76CB391F0B87AE0047C0FE /* RegisterViewController.m */,
				FDA8EE571F07F21B00F3A01A /* FirstLoginViewController.h */,
				FDA8EE581F07F21B00F3A01A /* FirstLoginViewController.m */,
				FD979CC71F09473700F5BFBB /* LoginViewController.h */,
				FD979CC81F09473700F5BFBB /* LoginViewController.m */,
				FDF3D43E1F0B9AF0003CAF5A /* VerifyPswViewController.h */,
				FDF3D43F1F0B9AF0003CAF5A /* VerifyPswViewController.m */,
				FDF3D4411F0B9DCC003CAF5A /* PersonInfoViewController.h */,
				FDF3D4421F0B9DCC003CAF5A /* PersonInfoViewController.m */,
			);
			name = login;
			sourceTree = "<group>";
		};
		FDA8EE5A1F07F39E00F3A01A /* model */ = {
			isa = PBXGroup;
			children = (
				FDD24CC71F0BEE1900DA16FC /* ProvinceVo.h */,
				FDD24CC81F0BEE1900DA16FC /* ProvinceVo.m */,
				FDD24CC41F0BEDF800DA16FC /* CityVo.h */,
				FDD24CC51F0BEDF800DA16FC /* CityVo.m */,
			);
			name = model;
			sourceTree = "<group>";
		};
		FDAA378A1DD2BCF80038658F = {
			isa = PBXGroup;
			children = (
				FDAA37951DD2BCF80038658F /* FBLeague */,
				FDAA37AF1DD2BCF90038658F /* FBLeagueTests */,
				FDAA37BA1DD2BCF90038658F /* FBLeagueUITests */,
				FDAA37941DD2BCF80038658F /* Products */,
				CECFE41FC9A6A28E44B3EC53 /* Pods */,
				2BF4F31F3C1A98217EEBCA34 /* Frameworks */,
			);
			sourceTree = "<group>";
		};
		FDAA37941DD2BCF80038658F /* Products */ = {
			isa = PBXGroup;
			children = (
				FDAA37931DD2BCF80038658F /* 咖盟.app */,
				FDAA37AC1DD2BCF90038658F /* FBLeagueTests.xctest */,
				FDAA37B71DD2BCF90038658F /* FBLeagueUITests.xctest */,
			);
			name = Products;
			sourceTree = "<group>";
		};
		FDAA37951DD2BCF80038658F /* FBLeague */ = {
			isa = PBXGroup;
			children = (
				FDAA38341DD2BF3D0038658F /* Vendors */,
				FDAA38241DD2BDD20038658F /* Classes */,
				FDAA37CF1DD2BDA40038658F /* Util */,
				FDAA37C91DD2BD690038658F /* BaseViewController.h */,
				FDAA37CA1DD2BD690038658F /* BaseViewController.m */,
				FD352FCC1F1FA43F00EA2A60 /* BaseTableViewController.h */,
				FD352FCD1F1FA43F00EA2A60 /* BaseTableViewController.m */,
				FDAA37961DD2BCF80038658F /* Supporting Files */,
			);
			path = FBLeague;
			sourceTree = "<group>";
		};
		FDAA37961DD2BCF80038658F /* Supporting Files */ = {
			isa = PBXGroup;
			children = (
				FDF65E2B1DD374780008386D /* APIUrl.h */,
				FDA062371DD2CD2D00CEBAA0 /* FBLeague-Prefix.pch */,
				FDAA37A21DD2BCF80038658F /* Assets.xcassets */,
				FDAA37991DD2BCF80038658F /* AppDelegate.h */,
				FDAA379A1DD2BCF80038658F /* AppDelegate.m */,
				FD1F2C6D1F04B91700063765 /* LaunchScreen.xib */,
				FDAA379F1DD2BCF80038658F /* Main.storyboard */,
				FDAA37A71DD2BCF90038658F /* Info.plist */,
				FDAA37971DD2BCF80038658F /* main.m */,
			);
			name = "Supporting Files";
			sourceTree = "<group>";
		};
		FDAA37AF1DD2BCF90038658F /* FBLeagueTests */ = {
			isa = PBXGroup;
			children = (
				FDAA37B01DD2BCF90038658F /* FBLeagueTests.m */,
				FDAA37B21DD2BCF90038658F /* Info.plist */,
			);
			path = FBLeagueTests;
			sourceTree = "<group>";
		};
		FDAA37BA1DD2BCF90038658F /* FBLeagueUITests */ = {
			isa = PBXGroup;
			children = (
				FDAA37BB1DD2BCF90038658F /* FBLeagueUITests.m */,
				FDAA37BD1DD2BCF90038658F /* Info.plist */,
			);
			path = FBLeagueUITests;
			sourceTree = "<group>";
		};
		FDAA37CF1DD2BDA40038658F /* Util */ = {
			isa = PBXGroup;
			children = (
				FD1F2C561F0490EC00063765 /* Controllers */,
				FD1F2C4D1F0490DF00063765 /* QDCommonUI.h */,
				FD1F2C4E1F0490DF00063765 /* QDCommonUI.m */,
				FD1F2C4F1F0490DF00063765 /* QDUIHelper.h */,
				FD1F2C501F0490DF00063765 /* QDUIHelper.m */,
				FD1F2C511F0490DF00063765 /* UIImageEffects.h */,
				FD1F2C521F0490DF00063765 /* UIImageEffects.m */,
				FDAA37D01DD2BDA40038658F /* ObjcRuntime */,
				FDAA37D31DD2BDA40038658F /* OC_Category */,
			);
			path = Util;
			sourceTree = "<group>";
		};
		FDAA37D01DD2BDA40038658F /* ObjcRuntime */ = {
			isa = PBXGroup;
			children = (
				FDAA37D11DD2BDA40038658F /* ObjcRuntime.h */,
				FDAA37D21DD2BDA40038658F /* ObjcRuntime.m */,
			);
			path = ObjcRuntime;
			sourceTree = "<group>";
		};
		FDAA37D31DD2BDA40038658F /* OC_Category */ = {
			isa = PBXGroup;
			children = (
				FDAA37D41DD2BDA40038658F /* CommonFunc.h */,
				FDAA37D51DD2BDA40038658F /* CommonFunc.m */,
				FDAA37D61DD2BDA40038658F /* MWLocalDataTool.h */,
				FDAA37D71DD2BDA40038658F /* MWLocalDataTool.m */,
				FDAA37D81DD2BDA40038658F /* NSObject+Common.h */,
				FDAA37D91DD2BDA40038658F /* NSObject+Common.m */,
				FDAA37DA1DD2BDA40038658F /* NSString+Common.h */,
				FDAA37DB1DD2BDA40038658F /* NSString+Common.m */,
				FDAA37DC1DD2BDA40038658F /* UIBarButtonItem+Tinted.h */,
				FDAA37DD1DD2BDA40038658F /* UIBarButtonItem+Tinted.m */,
				FDAA37DE1DD2BDA40038658F /* UIButton+Block.h */,
				FDAA37DF1DD2BDA40038658F /* UIButton+Block.m */,
				FDAA37E01DD2BDA40038658F /* UIColor+Expanded.h */,
				FDAA37E11DD2BDA40038658F /* UIColor+Expanded.m */,
				FDAA37E21DD2BDA40038658F /* UIImage+Common.h */,
				FDAA37E31DD2BDA40038658F /* UIImage+Common.m */,
				FDAA37E41DD2BDA40038658F /* UIImage+SCImage.h */,
				FDAA37E51DD2BDA40038658F /* UIImage+SCImage.m */,
				FDAA37E61DD2BDA40038658F /* UILabel+Common.h */,
				FDAA37E71DD2BDA40038658F /* UILabel+Common.m */,
				FDAA37E81DD2BDA40038658F /* UIView+Addition.h */,
				FDAA37E91DD2BDA40038658F /* UIView+Addition.m */,
				FDAA37EA1DD2BDA40038658F /* UIView+Common.h */,
				FDAA37EB1DD2BDA40038658F /* UIView+Common.m */,
			);
			path = OC_Category;
			sourceTree = "<group>";
		};
		FDAA38241DD2BDD20038658F /* Classes */ = {
			isa = PBXGroup;
			children = (
				FDA8EE5A1F07F39E00F3A01A /* model */,
				FDAA38271DD2BDF90038658F /* Controller */,
				FDAA38261DD2BDF10038658F /* View */,
				FDAA38251DD2BDEA0038658F /* Model */,
			);
			name = Classes;
			sourceTree = "<group>";
		};
		FDAA38251DD2BDEA0038658F /* Model */ = {
			isa = PBXGroup;
			children = (
				FD352FCF1F1FA4AA00EA2A60 /* CoachVo.h */,
				FD352FD01F1FA4AA00EA2A60 /* CoachVo.m */,
				FDA8EE5B1F07F3B800F3A01A /* UserDataVo.h */,
				FDA8EE5C1F07F3B800F3A01A /* UserDataVo.m */,
				FD75D23E1F26486200306F77 /* DongtaiVo.h */,
				FD75D23F1F26486200306F77 /* DongtaiVo.m */,
				FD75D2411F26491C00306F77 /* CommentVo.h */,
				FD75D2421F26491C00306F77 /* CommentVo.m */,
			);
			name = Model;
			sourceTree = "<group>";
		};
		FDAA38261DD2BDF10038658F /* View */ = {
			isa = PBXGroup;
			children = (
				FDC497AB1F29AE85002E7105 /* me */,
				FD352FC51F1FA3A700EA2A60 /* shouye */,
			);
			name = View;
			sourceTree = "<group>";
		};
		FDAA38271DD2BDF90038658F /* Controller */ = {
			isa = PBXGroup;
			children = (
				FDC497A11F29AB1F002E7105 /* me */,
				FDD3AF671F21AFE100EA7C23 /* julebu */,
				FDFAE5E91F10E1FC008DF0BB /* shouye */,
				FDA8EE561F07F1FC00F3A01A /* login */,
				FDAA38281DD2BE1F0038658F /* LianmengViewController.h */,
				FDAA38291DD2BE1F0038658F /* LianmengViewController.m */,
				FDAA382C1DD2BE1F0038658F /* JulebuViewController.h */,
				FDAA382D1DD2BE1F0038658F /* JulebuViewController.m */,
				FDAA382E1DD2BE1F0038658F /* MeViewController.h */,
				FDAA382F1DD2BE1F0038658F /* MeViewController.m */,
				FD265AA41F29E20600F92316 /* LianSaiViewController.h */,
				FD265AA51F29E20600F92316 /* LianSaiViewController.m */,
			);
			name = Controller;
			sourceTree = "<group>";
		};
		FDAA38341DD2BF3D0038658F /* Vendors */ = {
			isa = PBXGroup;
			children = (
				FD265AA01F29E0C400F92316 /* keyboard */,
				FDC4994D1F29AF9F002E7105 /* radar */,
				FDC497B61F29AF1A002E7105 /* ACActionSheet */,
				FDC497B21F29AF03002E7105 /* PPNumberButton */,
				FD75D22C1F23516600306F77 /* NullSafe */,
				FDFAE5EA1F10ECEA008DF0BB /* YCSlideView */,
				FDF3D43A1F0B97FC003CAF5A /* verifycode */,
				FDF6B0061F0A8F740074CB39 /* loginTextField */,
				FD1F2C491F048DA600063765 /* QMUIConfigurationTemplate */,
				FDA116671F01FC67007F253C /* GTMBase64-master */,
				FDA572A51F035A780072DF95 /* MBProgressHUD */,
				FDAA38621DD2BF3D0038658F /* QHNavSliderMenuView */,
				FDAA386F1DD2BF3D0038658F /* SVPTRView */,
			);
			path = Vendors;
			sourceTree = "<group>";
		};
		FDAA38621DD2BF3D0038658F /* QHNavSliderMenuView */ = {
			isa = PBXGroup;
			children = (
				FDAA38631DD2BF3D0038658F /* QHUtil */,
				FDAA38661DD2BF3D0038658F /* resource */,
			);
			path = QHNavSliderMenuView;
			sourceTree = "<group>";
		};
		FDAA38631DD2BF3D0038658F /* QHUtil */ = {
			isa = PBXGroup;
			children = (
				FDAA38641DD2BF3D0038658F /* Categorys */,
				FDAA38651DD2BF3D0038658F /* Util */,
			);
			path = QHUtil;
			sourceTree = "<group>";
		};
		FDAA38641DD2BF3D0038658F /* Categorys */ = {
			isa = PBXGroup;
			children = (
			);
			path = Categorys;
			sourceTree = "<group>";
		};
		FDAA38651DD2BF3D0038658F /* Util */ = {
			isa = PBXGroup;
			children = (
			);
			path = Util;
			sourceTree = "<group>";
		};
		FDAA38661DD2BF3D0038658F /* resource */ = {
			isa = PBXGroup;
			children = (
			);
			path = resource;
			sourceTree = "<group>";
		};
		FDAA386F1DD2BF3D0038658F /* SVPTRView */ = {
			isa = PBXGroup;
			children = (
			);
			path = SVPTRView;
			sourceTree = "<group>";
		};
		FDC497A11F29AB1F002E7105 /* me */ = {
			isa = PBXGroup;
			children = (
				FD265AA11F29E16900F92316 /* MyJiaoLianDataViewController.h */,
				FD265AA21F29E16900F92316 /* MyJiaoLianDataViewController.m */,
				FDC497A21F29AE5D002E7105 /* MyDataImportViewController.h */,
				FDC497A31F29AE5D002E7105 /* MyDataImportViewController.m */,
				FDC497A61F29AE5D002E7105 /* MyQiuYuanDataImportViewController.h */,
				FDC497A71F29AE5D002E7105 /* MyQiuYuanDataImportViewController.m */,
			);
			name = me;
			sourceTree = "<group>";
		};
		FDC497AB1F29AE85002E7105 /* me */ = {
			isa = PBXGroup;
			children = (
				FDC497AF1F29AEE4002E7105 /* MeView.h */,
				FDC497B01F29AEE4002E7105 /* MeView.m */,
				FDC497AC1F29AE9E002E7105 /* BeginTouView.h */,
				FDC497AD1F29AE9E002E7105 /* BeginTouView.m */,
			);
			name = me;
			sourceTree = "<group>";
		};
		FDC497B21F29AF03002E7105 /* PPNumberButton */ = {
			isa = PBXGroup;
			children = (
				FDC497B31F29AF03002E7105 /* PPNumberButton.h */,
				FDC497B41F29AF03002E7105 /* PPNumberButton.m */,
			);
			path = PPNumberButton;
			sourceTree = "<group>";
		};
		FDC497B61F29AF1A002E7105 /* ACActionSheet */ = {
			isa = PBXGroup;
			children = (
				FDC497B71F29AF1A002E7105 /* ACActionSheet.bundle */,
				FDC497B81F29AF1A002E7105 /* ACActionSheet.h */,
				FDC497B91F29AF1A002E7105 /* ACActionSheet.m */,
			);
			path = ACActionSheet;
			sourceTree = "<group>";
		};
		FDC4994D1F29AF9F002E7105 /* radar */ = {
			isa = PBXGroup;
			children = (
				FDC499461F29AF9B002E7105 /* JHChartHeader.h */,
				FDC499471F29AF9B002E7105 /* JHChart.h */,
				FDC499481F29AF9B002E7105 /* JHChart.m */,
				FDC499491F29AF9B002E7105 /* JHRadarChart.h */,
				FDC4994A1F29AF9B002E7105 /* JHRadarChart.m */,
			);
			name = radar;
			sourceTree = "<group>";
		};
		FDD3AF671F21AFE100EA7C23 /* julebu */ = {
			isa = PBXGroup;
			children = (
				FD75D2361F2583B300306F77 /* 教练员详情 */,
				FD75D22F1F25832400306F77 /* 已创建俱乐部 */,
				FD71DD721F21D5E0006242B4 /* ReadDetailContentViewController.h */,
				FD71DD731F21D5E0006242B4 /* ReadDetailContentViewController.m */,
				FDD3AF681F21B01900EA7C23 /* CreateClubViewController.h */,
				FDD3AF691F21B01900EA7C23 /* CreateClubViewController.m */,
				FDD3AF6B1F21C9B700EA7C23 /* VerifyClubViewController.h */,
				FDD3AF6C1F21C9B700EA7C23 /* VerifyClubViewController.m */,
			);
			name = julebu;
			sourceTree = "<group>";
		};
		FDF3D43A1F0B97FC003CAF5A /* verifycode */ = {
			isa = PBXGroup;
			children = (
				FDF3D43B1F0B981D003CAF5A /* ZLVerifyCodeButton.h */,
				FDF3D43C1F0B981D003CAF5A /* ZLVerifyCodeButton.m */,
			);
			name = verifycode;
			sourceTree = "<group>";
		};
		FDF6B0061F0A8F740074CB39 /* loginTextField */ = {
			isa = PBXGroup;
			children = (
				FDF6B0071F0A8F740074CB39 /* DSLLoginTextField.h */,
				FDF6B0081F0A8F740074CB39 /* DSLLoginTextField.m */,
			);
			path = loginTextField;
			sourceTree = "<group>";
		};
		FDFAE5E91F10E1FC008DF0BB /* shouye */ = {
			isa = PBXGroup;
			children = (
				FDC0D1F71F17C545008B5551 /* SearchJiaoLianViewController.h */,
				FDC0D1F81F17C545008B5551 /* SearchJiaoLianViewController.m */,
				FD352FC21F1FA38000EA2A60 /* JiaoLianViewController.h */,
				FD352FC31F1FA38000EA2A60 /* JiaoLianViewController.m */,
				FDFAE5F11F10EE74008DF0BB /* DongtaiViewController.h */,
				FDFAE5F21F10EE74008DF0BB /* DongtaiViewController.m */,
				FDFAE5F41F10EE82008DF0BB /* FocusViewController.h */,
				FDFAE5F51F10EE82008DF0BB /* FocusViewController.m */,
				FDF6FD181F20EADE00B4FB73 /* SearchClubViewController.h */,
				FDF6FD191F20EADE00B4FB73 /* SearchClubViewController.m */,
				FDF6FD1B1F20EAF300B4FB73 /* SearchCoachViewController.h */,
				FDF6FD1C1F20EAF300B4FB73 /* SearchCoachViewController.m */,
			);
			name = shouye;
			sourceTree = "<group>";
		};
		FDFAE5EA1F10ECEA008DF0BB /* YCSlideView */ = {
			isa = PBXGroup;
			children = (
				FDFAE5F71F10F4F4008DF0BB /* YCSlideView.h */,
				FDFAE5F81F10F4F4008DF0BB /* YCSlideView.m */,
			);
			path = YCSlideView;
			sourceTree = "<group>";
		};
/* End PBXGroup section */

/* Begin PBXNativeTarget section */
		FDAA37921DD2BCF80038658F /* FBLeague */ = {
			isa = PBXNativeTarget;
			buildConfigurationList = FDAA37C01DD2BCF90038658F /* Build configuration list for PBXNativeTarget "FBLeague" */;
			buildPhases = (
				B7E1C1D3DD0463D4F49AC9FD /* [CP] Check Pods Manifest.lock */,
				FDAA378F1DD2BCF80038658F /* Sources */,
				FDAA37901DD2BCF80038658F /* Frameworks */,
				FDAA37911DD2BCF80038658F /* Resources */,
				F880BE8F4CE20FB5D43CD92A /* [CP] Embed Pods Frameworks */,
				82C8D243EAD61AD383ED7977 /* [CP] Copy Pods Resources */,
			);
			buildRules = (
			);
			dependencies = (
			);
			name = FBLeague;
			productName = FBLeague;
			productReference = FDAA37931DD2BCF80038658F /* 咖盟.app */;
			productType = "com.apple.product-type.application";
		};
		FDAA37AB1DD2BCF90038658F /* FBLeagueTests */ = {
			isa = PBXNativeTarget;
			buildConfigurationList = FDAA37C31DD2BCF90038658F /* Build configuration list for PBXNativeTarget "FBLeagueTests" */;
			buildPhases = (
				FDAA37A81DD2BCF90038658F /* Sources */,
				FDAA37A91DD2BCF90038658F /* Frameworks */,
				FDAA37AA1DD2BCF90038658F /* Resources */,
			);
			buildRules = (
			);
			dependencies = (
				FDAA37AE1DD2BCF90038658F /* PBXTargetDependency */,
			);
			name = FBLeagueTests;
			productName = FBLeagueTests;
			productReference = FDAA37AC1DD2BCF90038658F /* FBLeagueTests.xctest */;
			productType = "com.apple.product-type.bundle.unit-test";
		};
		FDAA37B61DD2BCF90038658F /* FBLeagueUITests */ = {
			isa = PBXNativeTarget;
			buildConfigurationList = FDAA37C61DD2BCF90038658F /* Build configuration list for PBXNativeTarget "FBLeagueUITests" */;
			buildPhases = (
				FDAA37B31DD2BCF90038658F /* Sources */,
				FDAA37B41DD2BCF90038658F /* Frameworks */,
				FDAA37B51DD2BCF90038658F /* Resources */,
			);
			buildRules = (
			);
			dependencies = (
				FDAA37B91DD2BCF90038658F /* PBXTargetDependency */,
			);
			name = FBLeagueUITests;
			productName = FBLeagueUITests;
			productReference = FDAA37B71DD2BCF90038658F /* FBLeagueUITests.xctest */;
			productType = "com.apple.product-type.bundle.ui-testing";
		};
/* End PBXNativeTarget section */

/* Begin PBXProject section */
		FDAA378B1DD2BCF80038658F /* Project object */ = {
			isa = PBXProject;
			attributes = {
				LastUpgradeCheck = 0800;
				ORGANIZATIONNAME = "long-laptop";
				TargetAttributes = {
					FDAA37921DD2BCF80038658F = {
						CreatedOnToolsVersion = 8.0;
						DevelopmentTeam = XYUANU952P;
						ProvisioningStyle = Automatic;
					};
					FDAA37AB1DD2BCF90038658F = {
						CreatedOnToolsVersion = 8.0;
						DevelopmentTeam = XYUANU952P;
						ProvisioningStyle = Automatic;
						TestTargetID = FDAA37921DD2BCF80038658F;
					};
					FDAA37B61DD2BCF90038658F = {
						CreatedOnToolsVersion = 8.0;
						DevelopmentTeam = 4572KNR484;
						ProvisioningStyle = Automatic;
						TestTargetID = FDAA37921DD2BCF80038658F;
					};
				};
			};
			buildConfigurationList = FDAA378E1DD2BCF80038658F /* Build configuration list for PBXProject "FBLeague" */;
			compatibilityVersion = "Xcode 3.2";
			developmentRegion = English;
			hasScannedForEncodings = 0;
			knownRegions = (
				en,
				Base,
			);
			mainGroup = FDAA378A1DD2BCF80038658F;
			productRefGroup = FDAA37941DD2BCF80038658F /* Products */;
			projectDirPath = "";
			projectRoot = "";
			targets = (
				FDAA37921DD2BCF80038658F /* FBLeague */,
				FDAA37AB1DD2BCF90038658F /* FBLeagueTests */,
				FDAA37B61DD2BCF90038658F /* FBLeagueUITests */,
			);
		};
/* End PBXProject section */

/* Begin PBXResourcesBuildPhase section */
		FDAA37911DD2BCF80038658F /* Resources */ = {
			isa = PBXResourcesBuildPhase;
			buildActionMask = 2147483647;
			files = (
				FD1F2C6E1F04B91700063765 /* LaunchScreen.xib in Resources */,
				FDAA37A31DD2BCF80038658F /* Assets.xcassets in Resources */,
				FDA572AA1F035A780072DF95 /* LICENSE in Resources */,
				FDC497BA1F29AF1A002E7105 /* ACActionSheet.bundle in Resources */,
				FDAA37A11DD2BCF80038658F /* Main.storyboard in Resources */,
			);
			runOnlyForDeploymentPostprocessing = 0;
		};
		FDAA37AA1DD2BCF90038658F /* Resources */ = {
			isa = PBXResourcesBuildPhase;
			buildActionMask = 2147483647;
			files = (
			);
			runOnlyForDeploymentPostprocessing = 0;
		};
		FDAA37B51DD2BCF90038658F /* Resources */ = {
			isa = PBXResourcesBuildPhase;
			buildActionMask = 2147483647;
			files = (
			);
			runOnlyForDeploymentPostprocessing = 0;
		};
/* End PBXResourcesBuildPhase section */

/* Begin PBXShellScriptBuildPhase section */
		82C8D243EAD61AD383ED7977 /* [CP] Copy Pods Resources */ = {
			isa = PBXShellScriptBuildPhase;
			buildActionMask = 2147483647;
			files = (
			);
			inputPaths = (
				"${SRCROOT}/Pods/Target Support Files/Pods-FBLeague/Pods-FBLeague-resources.sh",
				"${PODS_ROOT}/DFCommon/DFCommon/DFCommon/Resource/back-arrow@2x.png",
				"${PODS_ROOT}/DFCommon/DFCommon/DFCommon/Resource/back-arrow@3x.png",
				"${PODS_ROOT}/DFCommon/DFCommon/DFCommon/Resource/check_success@2x.png",
				"${PODS_ROOT}/DFCommon/DFCommon/DFCommon/Resource/check_success@3x.png",
				"${PODS_ROOT}/DFCommon/DFCommon/DFCommon/Resource/Expression.plist",
				"${PODS_ROOT}/DFCommon/DFCommon/DFCommon/Resource/fail@2x.png",
				"${PODS_ROOT}/DFCommon/DFCommon/DFCommon/Resource/fail@3x.png",
				"${PODS_ROOT}/DFCommon/DFCommon/DFCommon/Resource/press_btn_green@2x.png",
				"${PODS_ROOT}/DFCommon/DFCommon/DFCommon/Resource/press_btn_green@3x.png",
				"${PODS_ROOT}/DFCommon/DFCommon/DFCommon/Resource/refresh@2x.png",
				"${PODS_ROOT}/DFCommon/DFCommon/DFCommon/Resource/refresh@3x.png",
				"${PODS_ROOT}/DFCommon/DFCommon/DFCommon/Resource/success@2x.png",
				"${PODS_ROOT}/DFCommon/DFCommon/DFCommon/Resource/success@3x.png",
				"${PODS_ROOT}/DFCommon/DFCommon/DFCommon/Resource/ClippedExpression.bundle",
				"${PODS_ROOT}/DFTimelineView/DFTimelineView/DFTimelineView/Resource/AlbumAddBtn@2x.png",
				"${PODS_ROOT}/DFTimelineView/DFTimelineView/DFTimelineView/Resource/AlbumComment@2x.png",
				"${PODS_ROOT}/DFTimelineView/DFTimelineView/DFTimelineView/Resource/AlbumComment@3x.png",
				"${PODS_ROOT}/DFTimelineView/DFTimelineView/DFTimelineView/Resource/AlbumLike@2x.png",
				"${PODS_ROOT}/DFTimelineView/DFTimelineView/DFTimelineView/Resource/AlbumLike@3x.png",
				"${PODS_ROOT}/DFTimelineView/DFTimelineView/DFTimelineView/Resource/AlbumOperateMore@2x.png",
				"${PODS_ROOT}/DFTimelineView/DFTimelineView/DFTimelineView/Resource/AlbumOperateMore@3x.png",
				"${PODS_ROOT}/DFTimelineView/DFTimelineView/DFTimelineView/Resource/AlbumOperateMoreHL@2x.png",
				"${PODS_ROOT}/DFTimelineView/DFTimelineView/DFTimelineView/Resource/AlbumOperateMoreHL@3x.png",
				"${PODS_ROOT}/DFTimelineView/DFTimelineView/DFTimelineView/Resource/AlbumOperateMoreViewBkg@2x.png",
				"${PODS_ROOT}/DFTimelineView/DFTimelineView/DFTimelineView/Resource/Camera@2x.png",
				"${PODS_ROOT}/DFTimelineView/DFTimelineView/DFTimelineView/Resource/Camera@3x.png",
				"${PODS_ROOT}/DFTimelineView/DFTimelineView/DFTimelineView/Resource/Like@2x.png",
				"${PODS_ROOT}/DFTimelineView/DFTimelineView/DFTimelineView/Resource/Like@3x.png",
				"${PODS_ROOT}/DFTimelineView/DFTimelineView/DFTimelineView/Resource/LikeCmtBg@2x.png",
				"${PODS_ROOT}/DFTimelineView/DFTimelineView/DFTimelineView/Resource/LikeCmtBg@3x.png",
				"${PODS_ROOT}/MJPhotoBrowser/MJPhotoBrowser/MJPhotoBrowser/MJPhotoBrowser.bundle",
				"${PODS_ROOT}/MJRefresh/MJRefresh/MJRefresh.bundle",
				"${PODS_ROOT}/QMUIKit/QMUIKit/UIResources/QMUIResources.bundle",
				"${PODS_ROOT}/QMUIKit/QMUIKit/UIResources/QMUI_QQEmotion.bundle",
				"${PODS_ROOT}/RongCloudIM/RongCloudIM/RongCloud.bundle",
				"${PODS_ROOT}/RongCloudIM/RongCloudIM/en.lproj",
				"${PODS_ROOT}/RongCloudIM/RongCloudIM/zh-Hans.lproj",
				"${PODS_ROOT}/RongCloudIM/RongCloudIM/Emoji.plist",
				"${PODS_ROOT}/RongCloudIM/RongCloudIM/RCConfig.plist",
				"${PODS_ROOT}/SVProgressHUD/SVProgressHUD/SVProgressHUD.bundle",
				"${PODS_ROOT}/TZImagePickerController/TZImagePickerController/TZImagePickerController/TZImagePickerController.bundle",
			);
			name = "[CP] Copy Pods Resources";
			outputPaths = (
				"${TARGET_BUILD_DIR}/${UNLOCALIZED_RESOURCES_FOLDER_PATH}",
			);
			runOnlyForDeploymentPostprocessing = 0;
			shellPath = /bin/sh;
			shellScript = "\"${SRCROOT}/Pods/Target Support Files/Pods-FBLeague/Pods-FBLeague-resources.sh\"\n";
			showEnvVarsInLog = 0;
		};
		B7E1C1D3DD0463D4F49AC9FD /* [CP] Check Pods Manifest.lock */ = {
			isa = PBXShellScriptBuildPhase;
			buildActionMask = 2147483647;
			files = (
			);
			inputPaths = (
				"${PODS_PODFILE_DIR_PATH}/Podfile.lock",
				"${PODS_ROOT}/Manifest.lock",
			);
			name = "[CP] Check Pods Manifest.lock";
			outputPaths = (
				"$(DERIVED_FILE_DIR)/Pods-FBLeague-checkManifestLockResult.txt",
			);
			runOnlyForDeploymentPostprocessing = 0;
			shellPath = /bin/sh;
			shellScript = "diff \"${PODS_PODFILE_DIR_PATH}/Podfile.lock\" \"${PODS_ROOT}/Manifest.lock\" > /dev/null\nif [ $? != 0 ] ; then\n    # print error to STDERR\n    echo \"error: The sandbox is not in sync with the Podfile.lock. Run 'pod install' or update your CocoaPods installation.\" >&2\n    exit 1\nfi\n# This output is used by Xcode 'outputs' to avoid re-running this script phase.\necho \"SUCCESS\" > \"${SCRIPT_OUTPUT_FILE_0}\"\n";
			showEnvVarsInLog = 0;
		};
		F880BE8F4CE20FB5D43CD92A /* [CP] Embed Pods Frameworks */ = {
			isa = PBXShellScriptBuildPhase;
			buildActionMask = 2147483647;
			files = (
			);
			inputPaths = (
			);
			name = "[CP] Embed Pods Frameworks";
			outputPaths = (
			);
			runOnlyForDeploymentPostprocessing = 0;
			shellPath = /bin/sh;
			shellScript = "\"${SRCROOT}/Pods/Target Support Files/Pods-FBLeague/Pods-FBLeague-frameworks.sh\"\n";
			showEnvVarsInLog = 0;
		};
/* End PBXShellScriptBuildPhase section */

/* Begin PBXSourcesBuildPhase section */
		FDAA378F1DD2BCF80038658F /* Sources */ = {
			isa = PBXSourcesBuildPhase;
			buildActionMask = 2147483647;
			files = (
				FD265AA71F29E87200F92316 /* CommonFunc.h in Sources */,
				FD352FC41F1FA38000EA2A60 /* JiaoLianViewController.m in Sources */,
				FDD7E3F11F1F271600D05FE4 /* UserDataVo.h in Sources */,
				FDAA38211DD2BDA40038658F /* UIView+Addition.m in Sources */,
				FDAA38221DD2BDA40038658F /* UIView+Common.m in Sources */,
				FDAA38161DD2BDA40038658F /* ObjcRuntime.m in Sources */,
				FDAA381D1DD2BDA40038658F /* UIColor+Expanded.m in Sources */,
				FDD3AF6A1F21B01900EA7C23 /* CreateClubViewController.m in Sources */,
				FD1F2C681F0490EC00063765 /* QDCommonTableViewController.m in Sources */,
				FDAA38191DD2BDA40038658F /* NSObject+Common.m in Sources */,
				FDFAE5F91F10F4F4008DF0BB /* YCSlideView.m in Sources */,
				FD1F2C661F0490EC00063765 /* QDCommonGroupListViewController.m in Sources */,
				FDA572AB1F035A780072DF95 /* MBProgressHUD+Add.m in Sources */,
				FDAA38321DD2BE1F0038658F /* JulebuViewController.m in Sources */,
				FDC497B11F29AEE4002E7105 /* MeView.m in Sources */,
				FDC4994C1F29AF9B002E7105 /* JHRadarChart.m in Sources */,
				FD1F2C551F0490DF00063765 /* UIImageEffects.m in Sources */,
				FD76CB3E1F0B87AE0047C0FE /* RegisterViewController.m in Sources */,
				FD265AA61F29E20600F92316 /* LianSaiViewController.m in Sources */,
				FD352FD11F1FA4AA00EA2A60 /* CoachVo.m in Sources */,
				FDAA381E1DD2BDA40038658F /* UIImage+Common.m in Sources */,
				FD75D2351F25837C00306F77 /* SaiChengViewController.m in Sources */,
				FDAA381C1DD2BDA40038658F /* UIButton+Block.m in Sources */,
				FDAA37CD1DD2BD690038658F /* BaseViewController.m in Sources */,
				FDA1166C1F01FC67007F253C /* GTMBase64.m in Sources */,
				FD75D2401F26486200306F77 /* DongtaiVo.m in Sources */,
				FDC497AA1F29AE5D002E7105 /* MyQiuYuanDataImportViewController.m in Sources */,
				FD352FCE1F1FA43F00EA2A60 /* BaseTableViewController.m in Sources */,
				FD1F2C541F0490DF00063765 /* QDUIHelper.m in Sources */,
				FDC0D1F91F17C545008B5551 /* SearchJiaoLianViewController.m in Sources */,
				FDF6B0091F0A8F740074CB39 /* DSLLoginTextField.m in Sources */,
				FDF6FD1D1F20EAF300B4FB73 /* SearchCoachViewController.m in Sources */,
				FD352FC81F1FA3DB00EA2A60 /* CoachChooseTableViewCell.m in Sources */,
				FDAA381A1DD2BDA40038658F /* NSString+Common.m in Sources */,
				FD1F2C691F0490EC00063765 /* QDCommonViewController.m in Sources */,
				FDC497A81F29AE5D002E7105 /* MyDataImportViewController.m in Sources */,
				FD71DD741F21D5E0006242B4 /* ReadDetailContentViewController.m in Sources */,
				FDAA38181DD2BDA40038658F /* MWLocalDataTool.m in Sources */,
				FD265A9E1F29E0BF00F92316 /* UIResponder+FirstResponder.m in Sources */,
				FDA8EE591F07F21B00F3A01A /* FirstLoginViewController.m in Sources */,
				FDAA379B1DD2BCF80038658F /* AppDelegate.m in Sources */,
				FDD24CC61F0BEDF800DA16FC /* CityVo.m in Sources */,
				FDAA381F1DD2BDA40038658F /* UIImage+SCImage.m in Sources */,
				FD75D2431F26491C00306F77 /* CommentVo.m in Sources */,
				FDC4994B1F29AF9B002E7105 /* JHChart.m in Sources */,
				FDAA37981DD2BCF80038658F /* main.m in Sources */,
				FD1F2C671F0490EC00063765 /* QDCommonListViewController.m in Sources */,
				FD1F2C6A1F0490EC00063765 /* QDNavigationController.m in Sources */,
				FDFAE5F31F10EE74008DF0BB /* DongtaiViewController.m in Sources */,
				FD1F2C651F0490EC00063765 /* QDCommonGridViewController.m in Sources */,
				FDFAE5E81F10C8C5008DF0BB /* ChooseSectionViewController.m in Sources */,
				FDAA38201DD2BDA40038658F /* UILabel+Common.m in Sources */,
				FDF3D4401F0B9AF0003CAF5A /* VerifyPswViewController.m in Sources */,
				FD265A9F1F29E0BF00F92316 /* WPAutoSpringTextViewController.m in Sources */,
				FDC497AE1F29AE9E002E7105 /* BeginTouView.m in Sources */,
				FDAA38171DD2BDA40038658F /* CommonFunc.m in Sources */,
				FD979CC91F09473700F5BFBB /* LoginViewController.m in Sources */,
				FDF3D4431F0B9DCC003CAF5A /* PersonInfoViewController.m in Sources */,
				FD75D2391F2583C200306F77 /* ClassesViewController.m in Sources */,
				FDF6FD1A1F20EADE00B4FB73 /* SearchClubViewController.m in Sources */,
				FDA1166D1F01FC67007F253C /* README.md in Sources */,
				FD1F2C4C1F048DA600063765 /* QMUIConfigurationTemplate.m in Sources */,
				FD1F2C6B1F0490EC00063765 /* QDTabBarViewController.m in Sources */,
				FD265AA31F29E16900F92316 /* MyJiaoLianDataViewController.m in Sources */,
				FDAA38301DD2BE1F0038658F /* LianmengViewController.m in Sources */,
				FDD24CC31F0BECF900DA16FC /* ChooseCityViewController.m in Sources */,
				FDA8EE5D1F07F3B800F3A01A /* UserDataVo.m in Sources */,
				FDF3D43D1F0B981D003CAF5A /* ZLVerifyCodeButton.m in Sources */,
				FDAA38331DD2BE1F0038658F /* MeViewController.m in Sources */,
				FDAA381B1DD2BDA40038658F /* UIBarButtonItem+Tinted.m in Sources */,
				FDD24CC21F0BECF900DA16FC /* ChooseAreaViewController.m in Sources */,
				FD75D2321F25835200306F77 /* MemberViewController.m in Sources */,
				FD1F2C531F0490DF00063765 /* QDCommonUI.m in Sources */,
				FDD24CC91F0BEE1900DA16FC /* ProvinceVo.m in Sources */,
				FD75D23C1F2583E400306F77 /* MemeberDataViewController.m in Sources */,
				FDC497B51F29AF03002E7105 /* PPNumberButton.m in Sources */,
				FDC497BB1F29AF1A002E7105 /* ACActionSheet.m in Sources */,
				FDFAE5F61F10EE82008DF0BB /* FocusViewController.m in Sources */,
				FDD3AF6D1F21C9B700EA7C23 /* VerifyClubViewController.m in Sources */,
				FD75D22E1F23518800306F77 /* NullSafe.m in Sources */,
			);
			runOnlyForDeploymentPostprocessing = 0;
		};
		FDAA37A81DD2BCF90038658F /* Sources */ = {
			isa = PBXSourcesBuildPhase;
			buildActionMask = 2147483647;
			files = (
				FDAA37B11DD2BCF90038658F /* FBLeagueTests.m in Sources */,
			);
			runOnlyForDeploymentPostprocessing = 0;
		};
		FDAA37B31DD2BCF90038658F /* Sources */ = {
			isa = PBXSourcesBuildPhase;
			buildActionMask = 2147483647;
			files = (
				FDAA37BC1DD2BCF90038658F /* FBLeagueUITests.m in Sources */,
			);
			runOnlyForDeploymentPostprocessing = 0;
		};
/* End PBXSourcesBuildPhase section */

/* Begin PBXTargetDependency section */
		FDAA37AE1DD2BCF90038658F /* PBXTargetDependency */ = {
			isa = PBXTargetDependency;
			target = FDAA37921DD2BCF80038658F /* FBLeague */;
			targetProxy = FDAA37AD1DD2BCF90038658F /* PBXContainerItemProxy */;
		};
		FDAA37B91DD2BCF90038658F /* PBXTargetDependency */ = {
			isa = PBXTargetDependency;
			target = FDAA37921DD2BCF80038658F /* FBLeague */;
			targetProxy = FDAA37B81DD2BCF90038658F /* PBXContainerItemProxy */;
		};
/* End PBXTargetDependency section */

/* Begin PBXVariantGroup section */
		FDAA379F1DD2BCF80038658F /* Main.storyboard */ = {
			isa = PBXVariantGroup;
			children = (
				FDAA37A01DD2BCF80038658F /* Base */,
				FDC0D1FA1F1A0DD3008B5551 /* zh-Hans */,
			);
			name = Main.storyboard;
			sourceTree = "<group>";
		};
/* End PBXVariantGroup section */

/* Begin XCBuildConfiguration section */
		FDAA37BE1DD2BCF90038658F /* Debug */ = {
			isa = XCBuildConfiguration;
			buildSettings = {
				ALWAYS_SEARCH_USER_PATHS = NO;
				CLANG_ANALYZER_LOCALIZABILITY_NONLOCALIZED = YES;
				CLANG_ANALYZER_NONNULL = YES;
				CLANG_CXX_LANGUAGE_STANDARD = "gnu++0x";
				CLANG_CXX_LIBRARY = "libc++";
				CLANG_ENABLE_MODULES = YES;
				CLANG_ENABLE_OBJC_ARC = YES;
				CLANG_WARN_BOOL_CONVERSION = YES;
				CLANG_WARN_CONSTANT_CONVERSION = YES;
				CLANG_WARN_DIRECT_OBJC_ISA_USAGE = YES_ERROR;
				CLANG_WARN_DOCUMENTATION_COMMENTS = YES;
				CLANG_WARN_EMPTY_BODY = YES;
				CLANG_WARN_ENUM_CONVERSION = YES;
				CLANG_WARN_INFINITE_RECURSION = YES;
				CLANG_WARN_INT_CONVERSION = YES;
				CLANG_WARN_OBJC_ROOT_CLASS = YES_ERROR;
				CLANG_WARN_SUSPICIOUS_MOVES = YES;
				CLANG_WARN_UNREACHABLE_CODE = YES;
				CLANG_WARN__DUPLICATE_METHOD_MATCH = YES;
				"CODE_SIGN_IDENTITY[sdk=iphoneos*]" = "iPhone Developer";
				COPY_PHASE_STRIP = NO;
				DEBUG_INFORMATION_FORMAT = dwarf;
				ENABLE_STRICT_OBJC_MSGSEND = YES;
				ENABLE_TESTABILITY = YES;
				GCC_C_LANGUAGE_STANDARD = gnu99;
				GCC_DYNAMIC_NO_PIC = NO;
				GCC_NO_COMMON_BLOCKS = YES;
				GCC_OPTIMIZATION_LEVEL = 0;
				GCC_PREPROCESSOR_DEFINITIONS = (
					"DEBUG=1",
					"$(inherited)",
				);
				GCC_WARN_64_TO_32_BIT_CONVERSION = YES;
				GCC_WARN_ABOUT_RETURN_TYPE = YES_ERROR;
				GCC_WARN_UNDECLARED_SELECTOR = YES;
				GCC_WARN_UNINITIALIZED_AUTOS = YES_AGGRESSIVE;
				GCC_WARN_UNUSED_FUNCTION = YES;
				GCC_WARN_UNUSED_VARIABLE = YES;
				IPHONEOS_DEPLOYMENT_TARGET = 10.0;
				MTL_ENABLE_DEBUG_INFO = YES;
				ONLY_ACTIVE_ARCH = YES;
				SDKROOT = iphoneos;
				TARGETED_DEVICE_FAMILY = "1,2";
			};
			name = Debug;
		};
		FDAA37BF1DD2BCF90038658F /* Release */ = {
			isa = XCBuildConfiguration;
			buildSettings = {
				ALWAYS_SEARCH_USER_PATHS = NO;
				CLANG_ANALYZER_LOCALIZABILITY_NONLOCALIZED = YES;
				CLANG_ANALYZER_NONNULL = YES;
				CLANG_CXX_LANGUAGE_STANDARD = "gnu++0x";
				CLANG_CXX_LIBRARY = "libc++";
				CLANG_ENABLE_MODULES = YES;
				CLANG_ENABLE_OBJC_ARC = YES;
				CLANG_WARN_BOOL_CONVERSION = YES;
				CLANG_WARN_CONSTANT_CONVERSION = YES;
				CLANG_WARN_DIRECT_OBJC_ISA_USAGE = YES_ERROR;
				CLANG_WARN_DOCUMENTATION_COMMENTS = YES;
				CLANG_WARN_EMPTY_BODY = YES;
				CLANG_WARN_ENUM_CONVERSION = YES;
				CLANG_WARN_INFINITE_RECURSION = YES;
				CLANG_WARN_INT_CONVERSION = YES;
				CLANG_WARN_OBJC_ROOT_CLASS = YES_ERROR;
				CLANG_WARN_SUSPICIOUS_MOVES = YES;
				CLANG_WARN_UNREACHABLE_CODE = YES;
				CLANG_WARN__DUPLICATE_METHOD_MATCH = YES;
				"CODE_SIGN_IDENTITY[sdk=iphoneos*]" = "iPhone Developer";
				COPY_PHASE_STRIP = NO;
				DEBUG_INFORMATION_FORMAT = "dwarf-with-dsym";
				ENABLE_NS_ASSERTIONS = NO;
				ENABLE_STRICT_OBJC_MSGSEND = YES;
				GCC_C_LANGUAGE_STANDARD = gnu99;
				GCC_NO_COMMON_BLOCKS = YES;
				GCC_WARN_64_TO_32_BIT_CONVERSION = YES;
				GCC_WARN_ABOUT_RETURN_TYPE = YES_ERROR;
				GCC_WARN_UNDECLARED_SELECTOR = YES;
				GCC_WARN_UNINITIALIZED_AUTOS = YES_AGGRESSIVE;
				GCC_WARN_UNUSED_FUNCTION = YES;
				GCC_WARN_UNUSED_VARIABLE = YES;
				IPHONEOS_DEPLOYMENT_TARGET = 10.0;
				MTL_ENABLE_DEBUG_INFO = NO;
				SDKROOT = iphoneos;
				TARGETED_DEVICE_FAMILY = "1,2";
				VALIDATE_PRODUCT = YES;
			};
			name = Release;
		};
		FDAA37C11DD2BCF90038658F /* Debug */ = {
			isa = XCBuildConfiguration;
			baseConfigurationReference = 93675E447FFAF16F47BF4878 /* Pods-FBLeague.debug.xcconfig */;
			buildSettings = {
				ASSETCATALOG_COMPILER_APPICON_NAME = AppIcon;
				DEVELOPMENT_TEAM = XYUANU952P;
				ENABLE_BITCODE = NO;
				FRAMEWORK_SEARCH_PATHS = (
					"$(inherited)",
					"$(PROJECT_DIR)/FBLeague/Vendors/Vendors/Alipay",
					"$(PROJECT_DIR)/FBLeague/Vendors/Vendors",
				);
				GCC_PREFIX_HEADER = "$(SRCROOT)/FBLeague/FBLeague-Prefix.pch";
				INFOPLIST_FILE = FBLeague/Info.plist;
				IPHONEOS_DEPLOYMENT_TARGET = 8.0;
				LD_RUNPATH_SEARCH_PATHS = "$(inherited) @executable_path/Frameworks";
				LIBRARY_SEARCH_PATHS = (
					"$(inherited)",
					"$(PROJECT_DIR)/FBLeague/Vendors/JPush",
					"$(PROJECT_DIR)/FBLeague/Vendors/Vendors/Alipay",
					"$(PROJECT_DIR)/FBLeague/Vendors/Vendors",
				);
				OTHER_LDFLAGS = "${inherited}";
				PRODUCT_BUNDLE_IDENTIFIER = com.mileworks.FBLeague;
				PRODUCT_NAME = "咖盟";
			};
			name = Debug;
		};
		FDAA37C21DD2BCF90038658F /* Release */ = {
			isa = XCBuildConfiguration;
			baseConfigurationReference = 32620ACCF1BDE2BDA488716C /* Pods-FBLeague.release.xcconfig */;
			buildSettings = {
				ASSETCATALOG_COMPILER_APPICON_NAME = AppIcon;
				DEVELOPMENT_TEAM = XYUANU952P;
				ENABLE_BITCODE = NO;
				FRAMEWORK_SEARCH_PATHS = (
					"$(inherited)",
					"$(PROJECT_DIR)/FBLeague/Vendors/Vendors/Alipay",
					"$(PROJECT_DIR)/FBLeague/Vendors/Vendors",
				);
				GCC_PREFIX_HEADER = "$(SRCROOT)/FBLeague/FBLeague-Prefix.pch";
				INFOPLIST_FILE = FBLeague/Info.plist;
				IPHONEOS_DEPLOYMENT_TARGET = 8.0;
				LD_RUNPATH_SEARCH_PATHS = "$(inherited) @executable_path/Frameworks";
				LIBRARY_SEARCH_PATHS = (
					"$(inherited)",
					"$(PROJECT_DIR)/FBLeague/Vendors/JPush",
					"$(PROJECT_DIR)/FBLeague/Vendors/Vendors/Alipay",
					"$(PROJECT_DIR)/FBLeague/Vendors/Vendors",
				);
				OTHER_LDFLAGS = "${inherited}";
				PRODUCT_BUNDLE_IDENTIFIER = com.mileworks.FBLeague;
				PRODUCT_NAME = "咖盟";
			};
			name = Release;
		};
		FDAA37C41DD2BCF90038658F /* Debug */ = {
			isa = XCBuildConfiguration;
			buildSettings = {
				DEVELOPMENT_TEAM = XYUANU952P;
				INFOPLIST_FILE = FBLeagueTests/Info.plist;
				LD_RUNPATH_SEARCH_PATHS = "$(inherited) @executable_path/Frameworks @loader_path/Frameworks";
				PRODUCT_BUNDLE_IDENTIFIER = com.mileworks.FBLeagueTests;
				PRODUCT_NAME = "$(TARGET_NAME)";
				TEST_HOST = "$(BUILT_PRODUCTS_DIR)/咖盟.app/咖盟";
			};
			name = Debug;
		};
		FDAA37C51DD2BCF90038658F /* Release */ = {
			isa = XCBuildConfiguration;
			buildSettings = {
				DEVELOPMENT_TEAM = XYUANU952P;
				INFOPLIST_FILE = FBLeagueTests/Info.plist;
				LD_RUNPATH_SEARCH_PATHS = "$(inherited) @executable_path/Frameworks @loader_path/Frameworks";
				PRODUCT_BUNDLE_IDENTIFIER = com.mileworks.FBLeagueTests;
				PRODUCT_NAME = "$(TARGET_NAME)";
				TEST_HOST = "$(BUILT_PRODUCTS_DIR)/咖盟.app/咖盟";
			};
			name = Release;
		};
		FDAA37C71DD2BCF90038658F /* Debug */ = {
			isa = XCBuildConfiguration;
			buildSettings = {
				DEVELOPMENT_TEAM = 4572KNR484;
				INFOPLIST_FILE = FBLeagueUITests/Info.plist;
				LD_RUNPATH_SEARCH_PATHS = "$(inherited) @executable_path/Frameworks @loader_path/Frameworks";
				PRODUCT_BUNDLE_IDENTIFIER = com.mileworks.FBLeagueUITests;
				PRODUCT_NAME = "$(TARGET_NAME)";
				TEST_TARGET_NAME = FBLeague;
			};
			name = Debug;
		};
		FDAA37C81DD2BCF90038658F /* Release */ = {
			isa = XCBuildConfiguration;
			buildSettings = {
				DEVELOPMENT_TEAM = 4572KNR484;
				INFOPLIST_FILE = FBLeagueUITests/Info.plist;
				LD_RUNPATH_SEARCH_PATHS = "$(inherited) @executable_path/Frameworks @loader_path/Frameworks";
				PRODUCT_BUNDLE_IDENTIFIER = com.mileworks.FBLeagueUITests;
				PRODUCT_NAME = "$(TARGET_NAME)";
				TEST_TARGET_NAME = FBLeague;
			};
			name = Release;
		};
/* End XCBuildConfiguration section */

/* Begin XCConfigurationList section */
		FDAA378E1DD2BCF80038658F /* Build configuration list for PBXProject "FBLeague" */ = {
			isa = XCConfigurationList;
			buildConfigurations = (
				FDAA37BE1DD2BCF90038658F /* Debug */,
				FDAA37BF1DD2BCF90038658F /* Release */,
			);
			defaultConfigurationIsVisible = 0;
			defaultConfigurationName = Release;
		};
		FDAA37C01DD2BCF90038658F /* Build configuration list for PBXNativeTarget "FBLeague" */ = {
			isa = XCConfigurationList;
			buildConfigurations = (
				FDAA37C11DD2BCF90038658F /* Debug */,
				FDAA37C21DD2BCF90038658F /* Release */,
			);
			defaultConfigurationIsVisible = 0;
			defaultConfigurationName = Release;
		};
		FDAA37C31DD2BCF90038658F /* Build configuration list for PBXNativeTarget "FBLeagueTests" */ = {
			isa = XCConfigurationList;
			buildConfigurations = (
				FDAA37C41DD2BCF90038658F /* Debug */,
				FDAA37C51DD2BCF90038658F /* Release */,
			);
			defaultConfigurationIsVisible = 0;
			defaultConfigurationName = Release;
		};
		FDAA37C61DD2BCF90038658F /* Build configuration list for PBXNativeTarget "FBLeagueUITests" */ = {
			isa = XCConfigurationList;
			buildConfigurations = (
				FDAA37C71DD2BCF90038658F /* Debug */,
				FDAA37C81DD2BCF90038658F /* Release */,
			);
			defaultConfigurationIsVisible = 0;
			defaultConfigurationName = Release;
		};
/* End XCConfigurationList section */
	};
	rootObject = FDAA378B1DD2BCF80038658F /* Project object */;
}
